<?xml version="1.0" encoding="utf-8"?>
<Project ToolsVersion="4.0" xmlns="http://schemas.microsoft.com/developer/msbuild/2003">
  <ItemGroup>
    <Filter Include="Source Files">
      <UniqueIdentifier>{4FC737F1-C7A5-4376-A066-2A32D752A2FF}</UniqueIdentifier>
      <Extensions>cpp;c;cxx;def;odl;idl;hpj;bat;asm;asmx</Extensions>
    </Filter>
    <Filter Include="Header Files">
      <UniqueIdentifier>{93995380-89BD-4b04-88EB-625FBE52EBFB}</UniqueIdentifier>
      <Extensions>h;hpp;hxx;hm;inl;inc;xsd</Extensions>
    </Filter>
    <Filter Include="Header Files\include">
      <UniqueIdentifier>{6611c37d-baa6-4625-84d3-43c263c94c14}</UniqueIdentifier>
    </Filter>
    <Filter Include="Header Files\compat">
      <UniqueIdentifier>{add33601-7833-4316-8cf4-f28f8a6915e3}</UniqueIdentifier>
    </Filter>
  </ItemGroup>
  <ItemGroup>
    <ClInclude Include="include\microhttpd.h">
      <Filter>Header Files\include</Filter>
    </ClInclude>
    <ClInclude Include="compat\fcntl.h">
      <Filter>Header Files\compat</Filter>
    </ClInclude>
    <ClInclude Include="compat\signal.h">
      <Filter>Header Files\compat</Filter>
    </ClInclude>
    <ClInclude Include="compat\windows.h">
      <Filter>Header Files\compat</Filter>
    </ClInclude>
    <ClInclude Include="compat\winsock2.h">
      <Filter>Header Files\compat</Filter>
    </ClInclude>
    <ClInclude Include="compat\ws2tcpip.h">
      <Filter>Header Files\compat</Filter>
    </ClInclude>
    <ClInclude Include="compat\search.h">
      <Filter>Header Files\compat</Filter>
    </ClInclude>
    <ClInclude Include="include\autoinit_funcs.h">
      <Filter>Header Files\include</Filter>
    </ClInclude>
    <ClInclude Include="include\basicauth.h">
      <Filter>Header Files\include</Filter>
    </ClInclude>
    <ClInclude Include="include\connection.h">
      <Filter>Header Files\include</Filter>
    </ClInclude>
    <ClInclude Include="include\gen_auth.h">
      <Filter>Header Files\include</Filter>
    </ClInclude>
    <ClInclude Include="include\internal.h">
      <Filter>Header Files\include</Filter>
    </ClInclude>
    <ClInclude Include="include\memorypool.h">
      <Filter>Header Files\include</Filter>
    </ClInclude>
    <ClInclude Include="include\mhd_align.h">
      <Filter>Header Files\include</Filter>
    </ClInclude>
    <ClInclude Include="include\mhd_assert.h">
      <Filter>Header Files\include</Filter>
    </ClInclude>
    <ClInclude Include="include\mhd_bithelpers.h">
      <Filter>Header Files\include</Filter>
    </ClInclude>
    <ClInclude Include="include\mhd_byteorder.h">
      <Filter>Header Files\include</Filter>
    </ClInclude>
    <ClInclude Include="include\mhd_compat.h">
      <Filter>Header Files\include</Filter>
    </ClInclude>
    <ClInclude Include="include\MHD_config.h">
      <Filter>Header Files\include</Filter>
    </ClInclude>
    <ClInclude Include="include\MHD_config_xbox360.h">
      <Filter>Header Files\include</Filter>
    </ClInclude>
    <ClInclude Include="include\mhd_itc.h">
      <Filter>Header Files\include</Filter>
    </ClInclude>
    <ClInclude Include="include\mhd_itc_types.h">
      <Filter>Header Files\include</Filter>
    </ClInclude>
    <ClInclude Include="include\mhd_limits.h">
      <Filter>Header Files\include</Filter>
    </ClInclude>
    <ClInclude Include="include\mhd_locks.h">
      <Filter>Header Files\include</Filter>
    </ClInclude>
    <ClInclude Include="include\mhd_mono_clock.h">
      <Filter>Header Files\include</Filter>
    </ClInclude>
    <ClInclude Include="include\mhd_options.h">
      <Filter>Header Files\include</Filter>
    </ClInclude>
    <ClInclude Include="include\mhd_panic.h">
      <Filter>Header Files\include</Filter>
    </ClInclude>
    <ClInclude Include="include\mhd_send.h">
      <Filter>Header Files\include</Filter>
    </ClInclude>
    <ClInclude Include="include\mhd_sockets.h">
      <Filter>Header Files\include</Filter>
    </ClInclude>
    <ClInclude Include="include\mhd_str.h">
      <Filter>Header Files\include</Filter>
    </ClInclude>
    <ClInclude Include="include\mhd_str_types.h">
      <Filter>Header Files\include</Filter>
    </ClInclude>
    <ClInclude Include="include\mhd_threads.h">
      <Filter>Header Files\include</Filter>
    </ClInclude>
    <ClInclude Include="include\platform.h">
      <Filter>Header Files\include</Filter>
    </ClInclude>
    <ClInclude Include="include\platform_xbox360.h">
      <Filter>Header Files\include</Filter>
    </ClInclude>
    <ClInclude Include="include\postprocessor.h">
      <Filter>Header Files\include</Filter>
    </ClInclude>
    <ClInclude Include="include\response.h">
      <Filter>Header Files\include</Filter>
    </ClInclude>
    <ClInclude Include="include\sysfdsetsize.h">
      <Filter>Header Files\include</Filter>
    </ClInclude>
    <ClInclude Include="include\tsearch.h">
      <Filter>Header Files\include</Filter>
    </ClInclude>
    <ClInclude Include="include\xbox360_prefix.h">
      <Filter>Header Files\include</Filter>
    </ClInclude>
  </ItemGroup>
  <ItemGroup>
    <ClCompile Include="compat\GetTickCount64.c">
      <Filter>Source Files</Filter>
    </ClCompile>
    <ClCompile Include="source\basicauth.c">
      <Filter>Source Files</Filter>
    </ClCompile>
    <ClCompile Include="source\connection.c">
      <Filter>Source Files</Filter>
    </ClCompile>
    <ClCompile Include="source\daemon.c">
      <Filter>Source Files</Filter>
    </ClCompile>
    <ClCompile Include="source\gen_auth.c">
      <Filter>Source Files</Filter>
    </ClCompile>
    <ClCompile Include="source\internal.c">
      <Filter>Source Files</Filter>
    </ClCompile>
    <ClCompile Include="source\memorypool.c">
      <Filter>Source Files</Filter>
    </ClCompile>
    <ClCompile Include="source\mhd_compat.c">
      <Filter>Source Files</Filter>
    </ClCompile>
    <ClCompile Include="source\mhd_itc.c">
      <Filter>Source Files</Filter>
    </ClCompile>
    <ClCompile Include="source\mhd_mono_clock.c">
      <Filter>Source Files</Filter>
    </ClCompile>
    <ClCompile Include="source\mhd_panic.c">
      <Filter>Source Files</Filter>
    </ClCompile>
    <ClCompile Include="source\mhd_send.c">
      <Filter>Source Files</Filter>
    </ClCompile>
    <ClCompile Include="source\mhd_sockets.c">
      <Filter>Source Files</Filter>
    </ClCompile>
    <ClCompile Include="source\mhd_str.c">
      <Filter>Source Files</Filter>
    </ClCompile>
    <ClCompile Include="source\mhd_threads.c">
      <Filter>Source Files</Filter>
    </ClCompile>
    <ClCompile Include="source\postprocessor.c">
      <Filter>Source Files</Filter>
    </ClCompile>
    <ClCompile Include="source\reason_phrase.c">
      <Filter>Source Files</Filter>
    </ClCompile>
    <ClCompile Include="source\response.c">
      <Filter>Source Files</Filter>
    </ClCompile>
    <ClCompile Include="source\sysfdsetsize.c">
      <Filter>Source Files</Filter>
    </ClCompile>
    <ClCompile Include="source\tsearch.c">
      <Filter>Source Files</Filter>
    </ClCompile>
  </ItemGroup>
</Project>