
Microsoft Visual Studio Solution File, Format Version 11.00
# Visual Studio 2010
Project("{8BC9CEB8-8B4A-11D0-8D11-00A0C91BC942}") = "libPlatinum", "libPlatinum.vcxproj", "{B2D7A5F3-E1A4-4D7B-9C3F-6A8E2D4F1B5C}"
EndProject
Global
	GlobalSection(SolutionConfigurationPlatforms) = preSolution
		CodeAnalysis|Xbox 360 = CodeAnalysis|Xbox 360
		Debug|Xbox 360 = Debug|Xbox 360
		Profile_FastCap|Xbox 360 = Profile_FastCap|Xbox 360
		Profile|Xbox 360 = Profile|Xbox 360
		Release_LTCG|Xbox 360 = Release_LTCG|Xbox 360
		Release|Xbox 360 = Release|Xbox 360
	EndGlobalSection
	GlobalSection(ProjectConfigurationPlatforms) = postSolution
		{B2D7A5F3-E1A4-4D7B-9C3F-6A8E2D4F1B5C}.CodeAnalysis|Xbox 360.ActiveCfg = CodeAnalysis|Xbox 360
		{B2D7A5F3-E1A4-4D7B-9C3F-6A8E2D4F1B5C}.CodeAnalysis|Xbox 360.Build.0 = CodeAnalysis|Xbox 360
		{B2D7A5F3-E1A4-4D7B-9C3F-6A8E2D4F1B5C}.Debug|Xbox 360.ActiveCfg = Debug|Xbox 360
		{B2D7A5F3-E1A4-4D7B-9C3F-6A8E2D4F1B5C}.Debug|Xbox 360.Build.0 = Debug|Xbox 360
		{B2D7A5F3-E1A4-4D7B-9C3F-6A8E2D4F1B5C}.Profile_FastCap|Xbox 360.ActiveCfg = Profile_FastCap|Xbox 360
		{B2D7A5F3-E1A4-4D7B-9C3F-6A8E2D4F1B5C}.Profile_FastCap|Xbox 360.Build.0 = Profile_FastCap|Xbox 360
		{B2D7A5F3-E1A4-4D7B-9C3F-6A8E2D4F1B5C}.Profile|Xbox 360.ActiveCfg = Profile|Xbox 360
		{B2D7A5F3-E1A4-4D7B-9C3F-6A8E2D4F1B5C}.Profile|Xbox 360.Build.0 = Profile|Xbox 360
		{B2D7A5F3-E1A4-4D7B-9C3F-6A8E2D4F1B5C}.Release_LTCG|Xbox 360.ActiveCfg = Release_LTCG|Xbox 360
		{B2D7A5F3-E1A4-4D7B-9C3F-6A8E2D4F1B5C}.Release_LTCG|Xbox 360.Build.0 = Release_LTCG|Xbox 360
		{B2D7A5F3-E1A4-4D7B-9C3F-6A8E2D4F1B5C}.Release|Xbox 360.ActiveCfg = Release|Xbox 360
		{B2D7A5F3-E1A4-4D7B-9C3F-6A8E2D4F1B5C}.Release|Xbox 360.Build.0 = Release|Xbox 360
	EndGlobalSection
	GlobalSection(SolutionProperties) = preSolution
		HideSolutionNode = FALSE
	EndGlobalSection
EndGlobal
