
Microsoft Visual Studio Solution File, Format Version 11.00
# Visual Studio 2010
Project("{8BC9CEB8-8B4A-11D0-8D11-00A0C91BC942}") = "libavutil", "libavutil\libavutil.vcxproj", "{360EA05D-89D7-405E-B935-66DCF7E1248F}"
EndProject
Project("{8BC9CEB8-8B4A-11D0-8D11-00A0C91BC942}") = "libavformat", "libavformat\libavformat.vcxproj", "{F2A4E51C-C442-498C-B9CC-28DFC065A450}"
EndProject
Project("{8BC9CEB8-8B4A-11D0-8D11-00A0C91BC942}") = "libavcodec", "libavcodec\libavcodec.vcxproj", "{1937533D-A227-41D1-8D38-FFD5BC66B613}"
EndProject
Project("{8BC9CEB8-8B4A-11D0-8D11-00A0C91BC942}") = "zlib", "external\zlib\zlib.vcxproj", "{6A9F149D-15DE-4C41-8144-ADFA4761D2C9}"
EndProject
Project("{8BC9CEB8-8B4A-11D0-8D11-00A0C91BC942}") = "libswscale", "libswscale\libswscale.vcxproj", "{F477301D-1EE3-4E5B-9CFF-5DB97807C86D}"
EndProject
Project("{8BC9CEB8-8B4A-11D0-8D11-00A0C91BC942}") = "libavfilter", "libavfilter\libavfilter.vcxproj", "{F266F25B-3DC5-4621-A610-5271F3FAA218}"
EndProject
Project("{8BC9CEB8-8B4A-11D0-8D11-00A0C91BC942}") = "pthreads", "pthreads\pthreads.vcxproj", "{E33CEE4D-419C-47D0-9A60-6B651E4419AC}"
EndProject
Global
	GlobalSection(SolutionConfigurationPlatforms) = preSolution
		CodeAnalysis|Win32 = CodeAnalysis|Win32
		CodeAnalysis|Xbox 360 = CodeAnalysis|Xbox 360
		Debug|Win32 = Debug|Win32
		Debug|Xbox 360 = Debug|Xbox 360
		Profile_FastCap|Win32 = Profile_FastCap|Win32
		Profile_FastCap|Xbox 360 = Profile_FastCap|Xbox 360
		Profile|Win32 = Profile|Win32
		Profile|Xbox 360 = Profile|Xbox 360
		Release_LTCG|Win32 = Release_LTCG|Win32
		Release_LTCG|Xbox 360 = Release_LTCG|Xbox 360
		Release_NoSTDIO|Win32 = Release_NoSTDIO|Win32
		Release_NoSTDIO|Xbox 360 = Release_NoSTDIO|Xbox 360
		Release|Win32 = Release|Win32
		Release|Xbox 360 = Release|Xbox 360
	EndGlobalSection
	GlobalSection(ProjectConfigurationPlatforms) = postSolution
		{360EA05D-89D7-405E-B935-66DCF7E1248F}.CodeAnalysis|Win32.ActiveCfg = Release|Xbox 360
		{360EA05D-89D7-405E-B935-66DCF7E1248F}.CodeAnalysis|Xbox 360.ActiveCfg = Release|Xbox 360
		{360EA05D-89D7-405E-B935-66DCF7E1248F}.CodeAnalysis|Xbox 360.Build.0 = Release|Xbox 360
		{360EA05D-89D7-405E-B935-66DCF7E1248F}.Debug|Win32.ActiveCfg = Debug|Win32
		{360EA05D-89D7-405E-B935-66DCF7E1248F}.Debug|Win32.Build.0 = Debug|Win32
		{360EA05D-89D7-405E-B935-66DCF7E1248F}.Debug|Xbox 360.ActiveCfg = Debug|Xbox 360
		{360EA05D-89D7-405E-B935-66DCF7E1248F}.Debug|Xbox 360.Build.0 = Debug|Xbox 360
		{360EA05D-89D7-405E-B935-66DCF7E1248F}.Profile_FastCap|Win32.ActiveCfg = Release|Xbox 360
		{360EA05D-89D7-405E-B935-66DCF7E1248F}.Profile_FastCap|Xbox 360.ActiveCfg = Release|Xbox 360
		{360EA05D-89D7-405E-B935-66DCF7E1248F}.Profile_FastCap|Xbox 360.Build.0 = Release|Xbox 360
		{360EA05D-89D7-405E-B935-66DCF7E1248F}.Profile|Win32.ActiveCfg = Release|Xbox 360
		{360EA05D-89D7-405E-B935-66DCF7E1248F}.Profile|Xbox 360.ActiveCfg = Release|Xbox 360
		{360EA05D-89D7-405E-B935-66DCF7E1248F}.Profile|Xbox 360.Build.0 = Release|Xbox 360
		{360EA05D-89D7-405E-B935-66DCF7E1248F}.Release_LTCG|Win32.ActiveCfg = Release_LTCG|Win32
		{360EA05D-89D7-405E-B935-66DCF7E1248F}.Release_LTCG|Win32.Build.0 = Release_LTCG|Win32
		{360EA05D-89D7-405E-B935-66DCF7E1248F}.Release_LTCG|Xbox 360.ActiveCfg = Release_LTCG|Xbox 360
		{360EA05D-89D7-405E-B935-66DCF7E1248F}.Release_LTCG|Xbox 360.Build.0 = Release_LTCG|Xbox 360
		{360EA05D-89D7-405E-B935-66DCF7E1248F}.Release_NoSTDIO|Win32.ActiveCfg = Release_LTCG|Xbox 360
		{360EA05D-89D7-405E-B935-66DCF7E1248F}.Release_NoSTDIO|Xbox 360.ActiveCfg = Release_LTCG|Xbox 360
		{360EA05D-89D7-405E-B935-66DCF7E1248F}.Release_NoSTDIO|Xbox 360.Build.0 = Release_LTCG|Xbox 360
		{360EA05D-89D7-405E-B935-66DCF7E1248F}.Release|Win32.ActiveCfg = Release|Win32
		{360EA05D-89D7-405E-B935-66DCF7E1248F}.Release|Win32.Build.0 = Release|Win32
		{360EA05D-89D7-405E-B935-66DCF7E1248F}.Release|Xbox 360.ActiveCfg = Release|Xbox 360
		{360EA05D-89D7-405E-B935-66DCF7E1248F}.Release|Xbox 360.Build.0 = Release|Xbox 360
		{F2A4E51C-C442-498C-B9CC-28DFC065A450}.CodeAnalysis|Win32.ActiveCfg = Release|Xbox 360
		{F2A4E51C-C442-498C-B9CC-28DFC065A450}.CodeAnalysis|Xbox 360.ActiveCfg = Release|Xbox 360
		{F2A4E51C-C442-498C-B9CC-28DFC065A450}.CodeAnalysis|Xbox 360.Build.0 = Release|Xbox 360
		{F2A4E51C-C442-498C-B9CC-28DFC065A450}.Debug|Win32.ActiveCfg = Debug|Xbox 360
		{F2A4E51C-C442-498C-B9CC-28DFC065A450}.Debug|Win32.Build.0 = Debug|Xbox 360
		{F2A4E51C-C442-498C-B9CC-28DFC065A450}.Debug|Xbox 360.ActiveCfg = Debug|Xbox 360
		{F2A4E51C-C442-498C-B9CC-28DFC065A450}.Debug|Xbox 360.Build.0 = Debug|Xbox 360
		{F2A4E51C-C442-498C-B9CC-28DFC065A450}.Profile_FastCap|Win32.ActiveCfg = Release|Xbox 360
		{F2A4E51C-C442-498C-B9CC-28DFC065A450}.Profile_FastCap|Xbox 360.ActiveCfg = Release|Xbox 360
		{F2A4E51C-C442-498C-B9CC-28DFC065A450}.Profile_FastCap|Xbox 360.Build.0 = Release|Xbox 360
		{F2A4E51C-C442-498C-B9CC-28DFC065A450}.Profile|Win32.ActiveCfg = Release|Xbox 360
		{F2A4E51C-C442-498C-B9CC-28DFC065A450}.Profile|Xbox 360.ActiveCfg = Release|Xbox 360
		{F2A4E51C-C442-498C-B9CC-28DFC065A450}.Profile|Xbox 360.Build.0 = Release|Xbox 360
		{F2A4E51C-C442-498C-B9CC-28DFC065A450}.Release_LTCG|Win32.ActiveCfg = Release_LTCG|Win32
		{F2A4E51C-C442-498C-B9CC-28DFC065A450}.Release_LTCG|Win32.Build.0 = Release_LTCG|Win32
		{F2A4E51C-C442-498C-B9CC-28DFC065A450}.Release_LTCG|Xbox 360.ActiveCfg = Release_LTCG|Xbox 360
		{F2A4E51C-C442-498C-B9CC-28DFC065A450}.Release_LTCG|Xbox 360.Build.0 = Release_LTCG|Xbox 360
		{F2A4E51C-C442-498C-B9CC-28DFC065A450}.Release_NoSTDIO|Win32.ActiveCfg = Release_LTCG|Xbox 360
		{F2A4E51C-C442-498C-B9CC-28DFC065A450}.Release_NoSTDIO|Xbox 360.ActiveCfg = Release_LTCG|Xbox 360
		{F2A4E51C-C442-498C-B9CC-28DFC065A450}.Release_NoSTDIO|Xbox 360.Build.0 = Release_LTCG|Xbox 360
		{F2A4E51C-C442-498C-B9CC-28DFC065A450}.Release|Win32.ActiveCfg = Release|Win32
		{F2A4E51C-C442-498C-B9CC-28DFC065A450}.Release|Win32.Build.0 = Release|Win32
		{F2A4E51C-C442-498C-B9CC-28DFC065A450}.Release|Xbox 360.ActiveCfg = Release|Xbox 360
		{F2A4E51C-C442-498C-B9CC-28DFC065A450}.Release|Xbox 360.Build.0 = Release|Xbox 360
		{1937533D-A227-41D1-8D38-FFD5BC66B613}.CodeAnalysis|Win32.ActiveCfg = Release_LTCG|Xbox 360
		{1937533D-A227-41D1-8D38-FFD5BC66B613}.CodeAnalysis|Xbox 360.ActiveCfg = Release_LTCG|Xbox 360
		{1937533D-A227-41D1-8D38-FFD5BC66B613}.CodeAnalysis|Xbox 360.Build.0 = Release_LTCG|Xbox 360
		{1937533D-A227-41D1-8D38-FFD5BC66B613}.Debug|Win32.ActiveCfg = Debug|Win32
		{1937533D-A227-41D1-8D38-FFD5BC66B613}.Debug|Win32.Build.0 = Debug|Win32
		{1937533D-A227-41D1-8D38-FFD5BC66B613}.Debug|Xbox 360.ActiveCfg = Debug|Xbox 360
		{1937533D-A227-41D1-8D38-FFD5BC66B613}.Debug|Xbox 360.Build.0 = Debug|Xbox 360
		{1937533D-A227-41D1-8D38-FFD5BC66B613}.Profile_FastCap|Win32.ActiveCfg = Release_LTCG|Xbox 360
		{1937533D-A227-41D1-8D38-FFD5BC66B613}.Profile_FastCap|Xbox 360.ActiveCfg = Release_LTCG|Xbox 360
		{1937533D-A227-41D1-8D38-FFD5BC66B613}.Profile_FastCap|Xbox 360.Build.0 = Release_LTCG|Xbox 360
		{1937533D-A227-41D1-8D38-FFD5BC66B613}.Profile|Win32.ActiveCfg = Release_LTCG|Xbox 360
		{1937533D-A227-41D1-8D38-FFD5BC66B613}.Profile|Xbox 360.ActiveCfg = Release_LTCG|Xbox 360
		{1937533D-A227-41D1-8D38-FFD5BC66B613}.Profile|Xbox 360.Build.0 = Release_LTCG|Xbox 360
		{1937533D-A227-41D1-8D38-FFD5BC66B613}.Release_LTCG|Win32.ActiveCfg = Release_LTCG|Win32
		{1937533D-A227-41D1-8D38-FFD5BC66B613}.Release_LTCG|Win32.Build.0 = Release_LTCG|Win32
		{1937533D-A227-41D1-8D38-FFD5BC66B613}.Release_LTCG|Xbox 360.ActiveCfg = Release_LTCG|Xbox 360
		{1937533D-A227-41D1-8D38-FFD5BC66B613}.Release_LTCG|Xbox 360.Build.0 = Release_LTCG|Xbox 360
		{1937533D-A227-41D1-8D38-FFD5BC66B613}.Release_NoSTDIO|Win32.ActiveCfg = Release_LTCG|Xbox 360
		{1937533D-A227-41D1-8D38-FFD5BC66B613}.Release_NoSTDIO|Xbox 360.ActiveCfg = Release_LTCG|Xbox 360
		{1937533D-A227-41D1-8D38-FFD5BC66B613}.Release_NoSTDIO|Xbox 360.Build.0 = Release_LTCG|Xbox 360
		{1937533D-A227-41D1-8D38-FFD5BC66B613}.Release|Win32.ActiveCfg = Release|Win32
		{1937533D-A227-41D1-8D38-FFD5BC66B613}.Release|Win32.Build.0 = Release|Win32
		{1937533D-A227-41D1-8D38-FFD5BC66B613}.Release|Xbox 360.ActiveCfg = Release|Xbox 360
		{1937533D-A227-41D1-8D38-FFD5BC66B613}.Release|Xbox 360.Build.0 = Release|Xbox 360
		{6A9F149D-15DE-4C41-8144-ADFA4761D2C9}.CodeAnalysis|Win32.ActiveCfg = Release|Xbox 360
		{6A9F149D-15DE-4C41-8144-ADFA4761D2C9}.CodeAnalysis|Xbox 360.ActiveCfg = Release|Xbox 360
		{6A9F149D-15DE-4C41-8144-ADFA4761D2C9}.CodeAnalysis|Xbox 360.Build.0 = Release|Xbox 360
		{6A9F149D-15DE-4C41-8144-ADFA4761D2C9}.Debug|Win32.ActiveCfg = Debug|Win32
		{6A9F149D-15DE-4C41-8144-ADFA4761D2C9}.Debug|Win32.Build.0 = Debug|Win32
		{6A9F149D-15DE-4C41-8144-ADFA4761D2C9}.Debug|Xbox 360.ActiveCfg = Debug|Xbox 360
		{6A9F149D-15DE-4C41-8144-ADFA4761D2C9}.Debug|Xbox 360.Build.0 = Debug|Xbox 360
		{6A9F149D-15DE-4C41-8144-ADFA4761D2C9}.Profile_FastCap|Win32.ActiveCfg = Release|Xbox 360
		{6A9F149D-15DE-4C41-8144-ADFA4761D2C9}.Profile_FastCap|Xbox 360.ActiveCfg = Release|Xbox 360
		{6A9F149D-15DE-4C41-8144-ADFA4761D2C9}.Profile_FastCap|Xbox 360.Build.0 = Release|Xbox 360
		{6A9F149D-15DE-4C41-8144-ADFA4761D2C9}.Profile|Win32.ActiveCfg = Release|Xbox 360
		{6A9F149D-15DE-4C41-8144-ADFA4761D2C9}.Profile|Xbox 360.ActiveCfg = Release|Xbox 360
		{6A9F149D-15DE-4C41-8144-ADFA4761D2C9}.Profile|Xbox 360.Build.0 = Release|Xbox 360
		{6A9F149D-15DE-4C41-8144-ADFA4761D2C9}.Release_LTCG|Win32.ActiveCfg = Release_LTCG|Win32
		{6A9F149D-15DE-4C41-8144-ADFA4761D2C9}.Release_LTCG|Win32.Build.0 = Release_LTCG|Win32
		{6A9F149D-15DE-4C41-8144-ADFA4761D2C9}.Release_LTCG|Xbox 360.ActiveCfg = Release_LTCG|Xbox 360
		{6A9F149D-15DE-4C41-8144-ADFA4761D2C9}.Release_LTCG|Xbox 360.Build.0 = Release_LTCG|Xbox 360
		{6A9F149D-15DE-4C41-8144-ADFA4761D2C9}.Release_NoSTDIO|Win32.ActiveCfg = Release_LTCG|Xbox 360
		{6A9F149D-15DE-4C41-8144-ADFA4761D2C9}.Release_NoSTDIO|Xbox 360.ActiveCfg = Release_LTCG|Xbox 360
		{6A9F149D-15DE-4C41-8144-ADFA4761D2C9}.Release_NoSTDIO|Xbox 360.Build.0 = Release_LTCG|Xbox 360
		{6A9F149D-15DE-4C41-8144-ADFA4761D2C9}.Release|Win32.ActiveCfg = Release|Win32
		{6A9F149D-15DE-4C41-8144-ADFA4761D2C9}.Release|Win32.Build.0 = Release|Win32
		{6A9F149D-15DE-4C41-8144-ADFA4761D2C9}.Release|Xbox 360.ActiveCfg = Release|Xbox 360
		{6A9F149D-15DE-4C41-8144-ADFA4761D2C9}.Release|Xbox 360.Build.0 = Release|Xbox 360
		{F477301D-1EE3-4E5B-9CFF-5DB97807C86D}.CodeAnalysis|Win32.ActiveCfg = Release|Xbox 360
		{F477301D-1EE3-4E5B-9CFF-5DB97807C86D}.CodeAnalysis|Xbox 360.ActiveCfg = Release|Xbox 360
		{F477301D-1EE3-4E5B-9CFF-5DB97807C86D}.CodeAnalysis|Xbox 360.Build.0 = Release|Xbox 360
		{F477301D-1EE3-4E5B-9CFF-5DB97807C86D}.Debug|Win32.ActiveCfg = Debug|Win32
		{F477301D-1EE3-4E5B-9CFF-5DB97807C86D}.Debug|Win32.Build.0 = Debug|Win32
		{F477301D-1EE3-4E5B-9CFF-5DB97807C86D}.Debug|Xbox 360.ActiveCfg = Debug|Xbox 360
		{F477301D-1EE3-4E5B-9CFF-5DB97807C86D}.Debug|Xbox 360.Build.0 = Debug|Xbox 360
		{F477301D-1EE3-4E5B-9CFF-5DB97807C86D}.Profile_FastCap|Win32.ActiveCfg = Release|Xbox 360
		{F477301D-1EE3-4E5B-9CFF-5DB97807C86D}.Profile_FastCap|Xbox 360.ActiveCfg = Release|Xbox 360
		{F477301D-1EE3-4E5B-9CFF-5DB97807C86D}.Profile_FastCap|Xbox 360.Build.0 = Release|Xbox 360
		{F477301D-1EE3-4E5B-9CFF-5DB97807C86D}.Profile|Win32.ActiveCfg = Release|Xbox 360
		{F477301D-1EE3-4E5B-9CFF-5DB97807C86D}.Profile|Xbox 360.ActiveCfg = Release|Xbox 360
		{F477301D-1EE3-4E5B-9CFF-5DB97807C86D}.Profile|Xbox 360.Build.0 = Release|Xbox 360
		{F477301D-1EE3-4E5B-9CFF-5DB97807C86D}.Release_LTCG|Win32.ActiveCfg = Release_LTCG|Win32
		{F477301D-1EE3-4E5B-9CFF-5DB97807C86D}.Release_LTCG|Win32.Build.0 = Release_LTCG|Win32
		{F477301D-1EE3-4E5B-9CFF-5DB97807C86D}.Release_LTCG|Xbox 360.ActiveCfg = Release_LTCG|Xbox 360
		{F477301D-1EE3-4E5B-9CFF-5DB97807C86D}.Release_LTCG|Xbox 360.Build.0 = Release_LTCG|Xbox 360
		{F477301D-1EE3-4E5B-9CFF-5DB97807C86D}.Release_NoSTDIO|Win32.ActiveCfg = Release_LTCG|Xbox 360
		{F477301D-1EE3-4E5B-9CFF-5DB97807C86D}.Release_NoSTDIO|Xbox 360.ActiveCfg = Release_LTCG|Xbox 360
		{F477301D-1EE3-4E5B-9CFF-5DB97807C86D}.Release_NoSTDIO|Xbox 360.Build.0 = Release_LTCG|Xbox 360
		{F477301D-1EE3-4E5B-9CFF-5DB97807C86D}.Release|Win32.ActiveCfg = Release|Win32
		{F477301D-1EE3-4E5B-9CFF-5DB97807C86D}.Release|Win32.Build.0 = Release|Win32
		{F477301D-1EE3-4E5B-9CFF-5DB97807C86D}.Release|Xbox 360.ActiveCfg = Release|Xbox 360
		{F477301D-1EE3-4E5B-9CFF-5DB97807C86D}.Release|Xbox 360.Build.0 = Release|Xbox 360
		{F266F25B-3DC5-4621-A610-5271F3FAA218}.CodeAnalysis|Win32.ActiveCfg = Release_LTCG|Xbox 360
		{F266F25B-3DC5-4621-A610-5271F3FAA218}.CodeAnalysis|Xbox 360.ActiveCfg = Release_LTCG|Xbox 360
		{F266F25B-3DC5-4621-A610-5271F3FAA218}.CodeAnalysis|Xbox 360.Build.0 = Release_LTCG|Xbox 360
		{F266F25B-3DC5-4621-A610-5271F3FAA218}.Debug|Win32.ActiveCfg = Debug|Win32
		{F266F25B-3DC5-4621-A610-5271F3FAA218}.Debug|Win32.Build.0 = Debug|Win32
		{F266F25B-3DC5-4621-A610-5271F3FAA218}.Debug|Xbox 360.ActiveCfg = Debug|Xbox 360
		{F266F25B-3DC5-4621-A610-5271F3FAA218}.Debug|Xbox 360.Build.0 = Debug|Xbox 360
		{F266F25B-3DC5-4621-A610-5271F3FAA218}.Profile_FastCap|Win32.ActiveCfg = Release_LTCG|Xbox 360
		{F266F25B-3DC5-4621-A610-5271F3FAA218}.Profile_FastCap|Xbox 360.ActiveCfg = Release_LTCG|Xbox 360
		{F266F25B-3DC5-4621-A610-5271F3FAA218}.Profile_FastCap|Xbox 360.Build.0 = Release_LTCG|Xbox 360
		{F266F25B-3DC5-4621-A610-5271F3FAA218}.Profile|Win32.ActiveCfg = Release_LTCG|Xbox 360
		{F266F25B-3DC5-4621-A610-5271F3FAA218}.Profile|Xbox 360.ActiveCfg = Release_LTCG|Xbox 360
		{F266F25B-3DC5-4621-A610-5271F3FAA218}.Profile|Xbox 360.Build.0 = Release_LTCG|Xbox 360
		{F266F25B-3DC5-4621-A610-5271F3FAA218}.Release_LTCG|Win32.ActiveCfg = Release_LTCG|Win32
		{F266F25B-3DC5-4621-A610-5271F3FAA218}.Release_LTCG|Win32.Build.0 = Release_LTCG|Win32
		{F266F25B-3DC5-4621-A610-5271F3FAA218}.Release_LTCG|Xbox 360.ActiveCfg = Release_LTCG|Xbox 360
		{F266F25B-3DC5-4621-A610-5271F3FAA218}.Release_LTCG|Xbox 360.Build.0 = Release_LTCG|Xbox 360
		{F266F25B-3DC5-4621-A610-5271F3FAA218}.Release_NoSTDIO|Win32.ActiveCfg = Release_LTCG|Xbox 360
		{F266F25B-3DC5-4621-A610-5271F3FAA218}.Release_NoSTDIO|Xbox 360.ActiveCfg = Release_LTCG|Xbox 360
		{F266F25B-3DC5-4621-A610-5271F3FAA218}.Release_NoSTDIO|Xbox 360.Build.0 = Release_LTCG|Xbox 360
		{F266F25B-3DC5-4621-A610-5271F3FAA218}.Release|Win32.ActiveCfg = Release|Win32
		{F266F25B-3DC5-4621-A610-5271F3FAA218}.Release|Win32.Build.0 = Release|Win32
		{F266F25B-3DC5-4621-A610-5271F3FAA218}.Release|Xbox 360.ActiveCfg = Release|Xbox 360
		{F266F25B-3DC5-4621-A610-5271F3FAA218}.Release|Xbox 360.Build.0 = Release|Xbox 360
		{E33CEE4D-419C-47D0-9A60-6B651E4419AC}.CodeAnalysis|Win32.ActiveCfg = CodeAnalysis|Xbox 360
		{E33CEE4D-419C-47D0-9A60-6B651E4419AC}.CodeAnalysis|Xbox 360.ActiveCfg = CodeAnalysis|Xbox 360
		{E33CEE4D-419C-47D0-9A60-6B651E4419AC}.CodeAnalysis|Xbox 360.Build.0 = CodeAnalysis|Xbox 360
		{E33CEE4D-419C-47D0-9A60-6B651E4419AC}.Debug|Win32.ActiveCfg = Debug|Xbox 360
		{E33CEE4D-419C-47D0-9A60-6B651E4419AC}.Debug|Xbox 360.ActiveCfg = Debug|Xbox 360
		{E33CEE4D-419C-47D0-9A60-6B651E4419AC}.Debug|Xbox 360.Build.0 = Debug|Xbox 360
		{E33CEE4D-419C-47D0-9A60-6B651E4419AC}.Profile_FastCap|Win32.ActiveCfg = Profile_FastCap|Xbox 360
		{E33CEE4D-419C-47D0-9A60-6B651E4419AC}.Profile_FastCap|Xbox 360.ActiveCfg = Profile_FastCap|Xbox 360
		{E33CEE4D-419C-47D0-9A60-6B651E4419AC}.Profile_FastCap|Xbox 360.Build.0 = Profile_FastCap|Xbox 360
		{E33CEE4D-419C-47D0-9A60-6B651E4419AC}.Profile|Win32.ActiveCfg = Profile|Xbox 360
		{E33CEE4D-419C-47D0-9A60-6B651E4419AC}.Profile|Xbox 360.ActiveCfg = Profile|Xbox 360
		{E33CEE4D-419C-47D0-9A60-6B651E4419AC}.Profile|Xbox 360.Build.0 = Profile|Xbox 360
		{E33CEE4D-419C-47D0-9A60-6B651E4419AC}.Release_LTCG|Win32.ActiveCfg = Release_LTCG|Xbox 360
		{E33CEE4D-419C-47D0-9A60-6B651E4419AC}.Release_LTCG|Xbox 360.ActiveCfg = Release_LTCG|Xbox 360
		{E33CEE4D-419C-47D0-9A60-6B651E4419AC}.Release_LTCG|Xbox 360.Build.0 = Release_LTCG|Xbox 360
		{E33CEE4D-419C-47D0-9A60-6B651E4419AC}.Release_NoSTDIO|Win32.ActiveCfg = Release_LTCG|Xbox 360
		{E33CEE4D-419C-47D0-9A60-6B651E4419AC}.Release_NoSTDIO|Xbox 360.ActiveCfg = Release_LTCG|Xbox 360
		{E33CEE4D-419C-47D0-9A60-6B651E4419AC}.Release_NoSTDIO|Xbox 360.Build.0 = Release_LTCG|Xbox 360
		{E33CEE4D-419C-47D0-9A60-6B651E4419AC}.Release|Win32.ActiveCfg = Release|Xbox 360
		{E33CEE4D-419C-47D0-9A60-6B651E4419AC}.Release|Xbox 360.ActiveCfg = Release|Xbox 360
		{E33CEE4D-419C-47D0-9A60-6B651E4419AC}.Release|Xbox 360.Build.0 = Release|Xbox 360
	EndGlobalSection
	GlobalSection(SolutionProperties) = preSolution
		HideSolutionNode = FALSE
	EndGlobalSection
EndGlobal
