<?xml version="1.0" encoding="utf-8"?>
<Project ToolsVersion="4.0" xmlns="http://schemas.microsoft.com/developer/msbuild/2003">
  <ItemGroup>
    <Filter Include="Source Files">
      <UniqueIdentifier>{4FC737F1-C7A5-4376-A066-2A32D752A2FF}</UniqueIdentifier>
      <Extensions>cpp;c;cc;cxx;def;odl;idl;hpj;bat;asm;asmx</Extensions>
    </Filter>
    <Filter Include="Header Files">
      <UniqueIdentifier>{93995380-89BD-4b04-88EB-625FBE52EBFB}</UniqueIdentifier>
      <Extensions>h;hpp;hxx;hm;inl;inc;xsd</Extensions>
    </Filter>
    <Filter Include="Resource Files">
      <UniqueIdentifier>{67DA6AB6-F800-4c08-8B7A-83BB121AAD01}</UniqueIdentifier>
      <Extensions>rc;ico;cur;bmp;dlg;rc2;rct;bin;rgs;gif;jpg;jpeg;jpe;resx;tiff;tif;png;wav</Extensions>
    </Filter>
    <Filter Include="ppc">
      <UniqueIdentifier>{143d1603-5865-4078-8e09-c279298be20d}</UniqueIdentifier>
    </Filter>
  </ItemGroup>
  <ItemGroup>
    <ClCompile Include="..\..\libavcodec\4xm.c">
      <Filter>Source Files</Filter>
    </ClCompile>
    <ClCompile Include="..\..\libavcodec\8bps.c">
      <Filter>Source Files</Filter>
    </ClCompile>
    <ClCompile Include="..\..\libavcodec\8svx.c">
      <Filter>Source Files</Filter>
    </ClCompile>
    <ClCompile Include="..\..\libavcodec\aac_ac3_parser.c">
      <Filter>Source Files</Filter>
    </ClCompile>
    <ClCompile Include="..\..\libavcodec\aac_adtstoasc_bsf.c">
      <Filter>Source Files</Filter>
    </ClCompile>
    <ClCompile Include="..\..\libavcodec\aac_parser.c">
      <Filter>Source Files</Filter>
    </ClCompile>
    <ClCompile Include="..\..\libavcodec\aacadtsdec.c">
      <Filter>Source Files</Filter>
    </ClCompile>
    <ClCompile Include="..\..\libavcodec\aaccoder.c">
      <Filter>Source Files</Filter>
    </ClCompile>
    <ClCompile Include="..\..\libavcodec\aacdec.c">
      <Filter>Source Files</Filter>
    </ClCompile>
    <ClCompile Include="..\..\libavcodec\aacenc.c">
      <Filter>Source Files</Filter>
    </ClCompile>
    <ClCompile Include="..\..\libavcodec\aacps.c">
      <Filter>Source Files</Filter>
    </ClCompile>
    <ClCompile Include="..\..\libavcodec\aacpsdata.c">
      <Filter>Source Files</Filter>
    </ClCompile>
    <ClCompile Include="..\..\libavcodec\aacpsy.c">
      <Filter>Source Files</Filter>
    </ClCompile>
    <ClCompile Include="..\..\libavcodec\aacsbr.c">
      <Filter>Source Files</Filter>
    </ClCompile>
    <ClCompile Include="..\..\libavcodec\aactab.c">
      <Filter>Source Files</Filter>
    </ClCompile>
    <ClCompile Include="..\..\libavcodec\aandcttab.c">
      <Filter>Source Files</Filter>
    </ClCompile>
    <ClCompile Include="..\..\libavcodec\aasc.c">
      <Filter>Source Files</Filter>
    </ClCompile>
    <ClCompile Include="..\..\libavcodec\ac3.c">
      <Filter>Source Files</Filter>
    </ClCompile>
    <ClCompile Include="..\..\libavcodec\ac3_parser.c">
      <Filter>Source Files</Filter>
    </ClCompile>
    <ClCompile Include="..\..\libavcodec\ac3dec.c">
      <Filter>Source Files</Filter>
    </ClCompile>
    <ClCompile Include="..\..\libavcodec\ac3dec_data.c">
      <Filter>Source Files</Filter>
    </ClCompile>
    <ClCompile Include="..\..\libavcodec\ac3dsp.c">
      <Filter>Source Files</Filter>
    </ClCompile>
    <ClCompile Include="..\..\libavcodec\ac3enc.c">
      <Filter>Source Files</Filter>
    </ClCompile>
    <ClCompile Include="..\..\libavcodec\ac3tab.c">
      <Filter>Source Files</Filter>
    </ClCompile>
    <ClCompile Include="..\..\libavcodec\acelp_filters.c">
      <Filter>Source Files</Filter>
    </ClCompile>
    <ClCompile Include="..\..\libavcodec\acelp_pitch_delay.c">
      <Filter>Source Files</Filter>
    </ClCompile>
    <ClCompile Include="..\..\libavcodec\acelp_vectors.c">
      <Filter>Source Files</Filter>
    </ClCompile>
    <ClCompile Include="..\..\libavcodec\adpcm.c">
      <Filter>Source Files</Filter>
    </ClCompile>
    <ClCompile Include="..\..\libavcodec\adxdec.c">
      <Filter>Source Files</Filter>
    </ClCompile>
    <ClCompile Include="..\..\libavcodec\adxenc.c">
      <Filter>Source Files</Filter>
    </ClCompile>
    <ClCompile Include="..\..\libavcodec\alac.c">
      <Filter>Source Files</Filter>
    </ClCompile>
    <ClCompile Include="..\..\libavcodec\alacenc.c">
      <Filter>Source Files</Filter>
    </ClCompile>
    <ClCompile Include="..\..\libavcodec\allcodecs.c">
      <Filter>Source Files</Filter>
    </ClCompile>
    <ClCompile Include="..\..\libavcodec\alsdec.c">
      <Filter>Source Files</Filter>
    </ClCompile>
    <ClCompile Include="..\..\libavcodec\amrnbdec.c">
      <Filter>Source Files</Filter>
    </ClCompile>
    <ClCompile Include="..\..\libavcodec\anm.c">
      <Filter>Source Files</Filter>
    </ClCompile>
    <ClCompile Include="..\..\libavcodec\apedec.c">
      <Filter>Source Files</Filter>
    </ClCompile>
    <ClCompile Include="..\..\libavcodec\asv1.c">
      <Filter>Source Files</Filter>
    </ClCompile>
    <ClCompile Include="..\..\libavcodec\atrac.c">
      <Filter>Source Files</Filter>
    </ClCompile>
    <ClCompile Include="..\..\libavcodec\atrac1.c">
      <Filter>Source Files</Filter>
    </ClCompile>
    <ClCompile Include="..\..\libavcodec\atrac3.c">
      <Filter>Source Files</Filter>
    </ClCompile>
    <ClCompile Include="..\..\libavcodec\audioconvert.c">
      <Filter>Source Files</Filter>
    </ClCompile>
    <ClCompile Include="..\..\libavcodec\aura.c">
      <Filter>Source Files</Filter>
    </ClCompile>
    <ClCompile Include="..\..\libavcodec\avfft.c">
      <Filter>Source Files</Filter>
    </ClCompile>
    <ClCompile Include="..\..\libavcodec\avpacket.c">
      <Filter>Source Files</Filter>
    </ClCompile>
    <ClCompile Include="..\..\libavcodec\avs.c">
      <Filter>Source Files</Filter>
    </ClCompile>
    <ClCompile Include="..\..\libavcodec\bethsoftvideo.c">
      <Filter>Source Files</Filter>
    </ClCompile>
    <ClCompile Include="..\..\libavcodec\bfi.c">
      <Filter>Source Files</Filter>
    </ClCompile>
    <ClCompile Include="..\..\libavcodec\bgmc.c">
      <Filter>Source Files</Filter>
    </ClCompile>
    <ClCompile Include="..\..\libavcodec\bink.c">
      <Filter>Source Files</Filter>
    </ClCompile>
    <ClCompile Include="..\..\libavcodec\binkaudio.c">
      <Filter>Source Files</Filter>
    </ClCompile>
    <ClCompile Include="..\..\libavcodec\binkidct.c">
      <Filter>Source Files</Filter>
    </ClCompile>
    <ClCompile Include="..\..\libavcodec\bitstream.c">
      <Filter>Source Files</Filter>
    </ClCompile>
    <ClCompile Include="..\..\libavcodec\bitstream_filter.c">
      <Filter>Source Files</Filter>
    </ClCompile>
    <ClCompile Include="..\..\libavcodec\bmp.c">
      <Filter>Source Files</Filter>
    </ClCompile>
    <ClCompile Include="..\..\libavcodec\bmpenc.c">
      <Filter>Source Files</Filter>
    </ClCompile>
    <ClCompile Include="..\..\libavcodec\c93.c">
      <Filter>Source Files</Filter>
    </ClCompile>
    <ClCompile Include="..\..\libavcodec\cabac.c">
      <Filter>Source Files</Filter>
    </ClCompile>
    <ClCompile Include="..\..\libavcodec\cavs.c">
      <Filter>Source Files</Filter>
    </ClCompile>
    <ClCompile Include="..\..\libavcodec\cavs_parser.c">
      <Filter>Source Files</Filter>
    </ClCompile>
    <ClCompile Include="..\..\libavcodec\cavsdec.c">
      <Filter>Source Files</Filter>
    </ClCompile>
    <ClCompile Include="..\..\libavcodec\cavsdsp.c">
      <Filter>Source Files</Filter>
    </ClCompile>
    <ClCompile Include="..\external\cbrt.c">
      <Filter>Source Files</Filter>
    </ClCompile>
    <ClCompile Include="..\..\libavcodec\cdgraphics.c">
      <Filter>Source Files</Filter>
    </ClCompile>
    <ClCompile Include="..\..\libavcodec\celp_filters.c">
      <Filter>Source Files</Filter>
    </ClCompile>
    <ClCompile Include="..\..\libavcodec\celp_math.c">
      <Filter>Source Files</Filter>
    </ClCompile>
    <ClCompile Include="..\..\libavcodec\cga_data.c">
      <Filter>Source Files</Filter>
    </ClCompile>
    <ClCompile Include="..\..\libavcodec\cinepak.c">
      <Filter>Source Files</Filter>
    </ClCompile>
    <ClCompile Include="..\..\libavcodec\cljr.c">
      <Filter>Source Files</Filter>
    </ClCompile>
    <ClCompile Include="..\..\libavcodec\cook.c">
      <Filter>Source Files</Filter>
    </ClCompile>
    <ClCompile Include="..\..\libavcodec\cscd.c">
      <Filter>Source Files</Filter>
    </ClCompile>
    <ClCompile Include="..\..\libavcodec\cyuv.c">
      <Filter>Source Files</Filter>
    </ClCompile>
    <ClCompile Include="..\..\libavcodec\dca.c">
      <Filter>Source Files</Filter>
    </ClCompile>
    <ClCompile Include="..\..\libavcodec\dca_parser.c">
      <Filter>Source Files</Filter>
    </ClCompile>
    <ClCompile Include="..\..\libavcodec\dcadsp.c">
      <Filter>Source Files</Filter>
    </ClCompile>
    <ClCompile Include="..\..\libavcodec\dct.c">
      <Filter>Source Files</Filter>
    </ClCompile>
    <ClCompile Include="..\..\libavcodec\dctref.c">
      <Filter>Source Files</Filter>
    </ClCompile>
    <ClCompile Include="..\..\libavcodec\dirac.c">
      <Filter>Source Files</Filter>
    </ClCompile>
    <ClCompile Include="..\..\libavcodec\dirac_parser.c">
      <Filter>Source Files</Filter>
    </ClCompile>
    <ClCompile Include="..\..\libavcodec\dnxhd_parser.c">
      <Filter>Source Files</Filter>
    </ClCompile>
    <ClCompile Include="..\..\libavcodec\dnxhddata.c">
      <Filter>Source Files</Filter>
    </ClCompile>
    <ClCompile Include="..\..\libavcodec\dnxhddec.c">
      <Filter>Source Files</Filter>
    </ClCompile>
    <ClCompile Include="..\..\libavcodec\dnxhdenc.c">
      <Filter>Source Files</Filter>
    </ClCompile>
    <ClCompile Include="..\..\libavcodec\dpcm.c">
      <Filter>Source Files</Filter>
    </ClCompile>
    <ClCompile Include="..\..\libavcodec\dpx.c">
      <Filter>Source Files</Filter>
    </ClCompile>
    <ClCompile Include="..\..\libavcodec\dsicinav.c">
      <Filter>Source Files</Filter>
    </ClCompile>
    <ClCompile Include="..\..\libavcodec\dsputil.c">
      <Filter>Source Files</Filter>
    </ClCompile>
    <ClCompile Include="..\..\libavcodec\dump_extradata_bsf.c">
      <Filter>Source Files</Filter>
    </ClCompile>
    <ClCompile Include="..\..\libavcodec\dv.c">
      <Filter>Source Files</Filter>
    </ClCompile>
    <ClCompile Include="..\..\libavcodec\dvbsub.c">
      <Filter>Source Files</Filter>
    </ClCompile>
    <ClCompile Include="..\..\libavcodec\dvbsub_parser.c">
      <Filter>Source Files</Filter>
    </ClCompile>
    <ClCompile Include="..\..\libavcodec\dvbsubdec.c">
      <Filter>Source Files</Filter>
    </ClCompile>
    <ClCompile Include="..\..\libavcodec\dvdata.c">
      <Filter>Source Files</Filter>
    </ClCompile>
    <ClCompile Include="..\..\libavcodec\dvdsub_parser.c">
      <Filter>Source Files</Filter>
    </ClCompile>
    <ClCompile Include="..\..\libavcodec\dvdsubdec.c">
      <Filter>Source Files</Filter>
    </ClCompile>
    <ClCompile Include="..\..\libavcodec\dvdsubenc.c">
      <Filter>Source Files</Filter>
    </ClCompile>
    <ClCompile Include="..\..\libavcodec\dwt.c">
      <Filter>Source Files</Filter>
    </ClCompile>
    <ClCompile Include="..\..\libavcodec\dxa.c">
      <Filter>Source Files</Filter>
    </ClCompile>
    <ClCompile Include="..\..\libavcodec\eac3dec.c">
      <Filter>Source Files</Filter>
    </ClCompile>
    <ClCompile Include="..\..\libavcodec\eac3dec_data.c">
      <Filter>Source Files</Filter>
    </ClCompile>
    <ClCompile Include="..\..\libavcodec\eacmv.c">
      <Filter>Source Files</Filter>
    </ClCompile>
    <ClCompile Include="..\..\libavcodec\eaidct.c">
      <Filter>Source Files</Filter>
    </ClCompile>
    <ClCompile Include="..\..\libavcodec\eamad.c">
      <Filter>Source Files</Filter>
    </ClCompile>
    <ClCompile Include="..\..\libavcodec\eatgq.c">
      <Filter>Source Files</Filter>
    </ClCompile>
    <ClCompile Include="..\..\libavcodec\eatgv.c">
      <Filter>Source Files</Filter>
    </ClCompile>
    <ClCompile Include="..\..\libavcodec\eatqi.c">
      <Filter>Source Files</Filter>
    </ClCompile>
    <ClCompile Include="..\..\libavcodec\elbg.c">
      <Filter>Source Files</Filter>
    </ClCompile>
    <ClCompile Include="..\..\libavcodec\error_resilience.c">
      <Filter>Source Files</Filter>
    </ClCompile>
    <ClCompile Include="..\..\libavcodec\escape124.c">
      <Filter>Source Files</Filter>
    </ClCompile>
    <ClCompile Include="..\..\libavcodec\eval.c">
      <Filter>Source Files</Filter>
    </ClCompile>
    <ClCompile Include="..\..\libavcodec\faandct.c">
      <Filter>Source Files</Filter>
    </ClCompile>
    <ClCompile Include="..\..\libavcodec\faanidct.c">
      <Filter>Source Files</Filter>
    </ClCompile>
    <ClCompile Include="..\..\libavcodec\faxcompr.c">
      <Filter>Source Files</Filter>
    </ClCompile>
    <ClCompile Include="..\..\libavcodec\fft.c">
      <Filter>Source Files</Filter>
    </ClCompile>
    <ClCompile Include="..\..\libavcodec\ffv1.c">
      <Filter>Source Files</Filter>
    </ClCompile>
    <ClCompile Include="..\..\libavcodec\flac.c">
      <Filter>Source Files</Filter>
    </ClCompile>
    <ClCompile Include="..\..\libavcodec\flacdata.c">
      <Filter>Source Files</Filter>
    </ClCompile>
    <ClCompile Include="..\..\libavcodec\flacdec.c">
      <Filter>Source Files</Filter>
    </ClCompile>
    <ClCompile Include="..\..\libavcodec\flacenc.c">
      <Filter>Source Files</Filter>
    </ClCompile>
    <ClCompile Include="..\..\libavcodec\flashsv.c">
      <Filter>Source Files</Filter>
    </ClCompile>
    <ClCompile Include="..\..\libavcodec\flashsvenc.c">
      <Filter>Source Files</Filter>
    </ClCompile>
    <ClCompile Include="..\..\libavcodec\flicvideo.c">
      <Filter>Source Files</Filter>
    </ClCompile>
    <ClCompile Include="..\..\libavcodec\flvdec.c">
      <Filter>Source Files</Filter>
    </ClCompile>
    <ClCompile Include="..\..\libavcodec\flvenc.c">
      <Filter>Source Files</Filter>
    </ClCompile>
    <ClCompile Include="..\..\libavcodec\fmtconvert.c">
      <Filter>Source Files</Filter>
    </ClCompile>
    <ClCompile Include="..\..\libavcodec\fraps.c">
      <Filter>Source Files</Filter>
    </ClCompile>
    <ClCompile Include="..\..\libavcodec\frwu.c">
      <Filter>Source Files</Filter>
    </ClCompile>
    <ClCompile Include="..\..\libavcodec\g726.c">
      <Filter>Source Files</Filter>
    </ClCompile>
    <ClCompile Include="..\..\libavcodec\gif.c">
      <Filter>Source Files</Filter>
    </ClCompile>
    <ClCompile Include="..\..\libavcodec\gifdec.c">
      <Filter>Source Files</Filter>
    </ClCompile>
    <ClCompile Include="..\..\libavcodec\golomb.c">
      <Filter>Source Files</Filter>
    </ClCompile>
    <ClCompile Include="..\..\libavcodec\h261.c">
      <Filter>Source Files</Filter>
    </ClCompile>
    <ClCompile Include="..\..\libavcodec\h261_parser.c">
      <Filter>Source Files</Filter>
    </ClCompile>
    <ClCompile Include="..\..\libavcodec\h261dec.c">
      <Filter>Source Files</Filter>
    </ClCompile>
    <ClCompile Include="..\..\libavcodec\h261enc.c">
      <Filter>Source Files</Filter>
    </ClCompile>
    <ClCompile Include="..\..\libavcodec\h263.c">
      <Filter>Source Files</Filter>
    </ClCompile>
    <ClCompile Include="..\..\libavcodec\h263_parser.c">
      <Filter>Source Files</Filter>
    </ClCompile>
    <ClCompile Include="..\..\libavcodec\h263dec.c">
      <Filter>Source Files</Filter>
    </ClCompile>
    <ClCompile Include="..\..\libavcodec\h264.c">
      <Filter>Source Files</Filter>
    </ClCompile>
    <ClCompile Include="..\..\libavcodec\h264_cabac.c">
      <Filter>Source Files</Filter>
    </ClCompile>
    <ClCompile Include="..\..\libavcodec\h264_cavlc.c">
      <Filter>Source Files</Filter>
    </ClCompile>
    <ClCompile Include="..\..\libavcodec\h264_direct.c">
      <Filter>Source Files</Filter>
    </ClCompile>
    <ClCompile Include="..\..\libavcodec\h264_hl_motion.c">
      <Filter>Source Files</Filter>
    </ClCompile>
    <ClCompile Include="..\..\libavcodec\h264_loopfilter.c">
      <Filter>Source Files</Filter>
    </ClCompile>
    <ClCompile Include="..\..\libavcodec\h264_mp4toannexb_bsf.c">
      <Filter>Source Files</Filter>
    </ClCompile>
    <ClCompile Include="..\..\libavcodec\h264_parser.c">
      <Filter>Source Files</Filter>
    </ClCompile>
    <ClCompile Include="..\..\libavcodec\h264_ps.c">
      <Filter>Source Files</Filter>
    </ClCompile>
    <ClCompile Include="..\..\libavcodec\h264_refs.c">
      <Filter>Source Files</Filter>
    </ClCompile>
    <ClCompile Include="..\..\libavcodec\h264_sei.c">
      <Filter>Source Files</Filter>
    </ClCompile>
    <ClCompile Include="..\..\libavcodec\h264dsp.c">
      <Filter>Source Files</Filter>
    </ClCompile>
    <ClCompile Include="..\..\libavcodec\h264enc.c">
      <Filter>Source Files</Filter>
    </ClCompile>
    <ClCompile Include="..\..\libavcodec\h264idct.c">
      <Filter>Source Files</Filter>
    </ClCompile>
    <ClCompile Include="..\..\libavcodec\h264pred.c">
      <Filter>Source Files</Filter>
    </ClCompile>
    <ClCompile Include="..\..\libavcodec\huffman.c">
      <Filter>Source Files</Filter>
    </ClCompile>
    <ClCompile Include="..\..\libavcodec\huffyuv.c">
      <Filter>Source Files</Filter>
    </ClCompile>
    <ClCompile Include="..\..\libavcodec\idcinvideo.c">
      <Filter>Source Files</Filter>
    </ClCompile>
    <ClCompile Include="..\..\libavcodec\iff.c">
      <Filter>Source Files</Filter>
    </ClCompile>
    <ClCompile Include="..\..\libavcodec\iirfilter.c">
      <Filter>Source Files</Filter>
    </ClCompile>
    <ClCompile Include="..\..\libavcodec\imc.c">
      <Filter>Source Files</Filter>
    </ClCompile>
    <ClCompile Include="..\..\libavcodec\imgconvert.c">
      <Filter>Source Files</Filter>
    </ClCompile>
    <ClCompile Include="..\..\libavcodec\imx_dump_header_bsf.c">
      <Filter>Source Files</Filter>
    </ClCompile>
    <ClCompile Include="..\..\libavcodec\indeo2.c">
      <Filter>Source Files</Filter>
    </ClCompile>
    <ClCompile Include="..\..\libavcodec\indeo3.c">
      <Filter>Source Files</Filter>
    </ClCompile>
    <ClCompile Include="..\..\libavcodec\indeo5.c">
      <Filter>Source Files</Filter>
    </ClCompile>
    <ClCompile Include="..\..\libavcodec\intelh263dec.c">
      <Filter>Source Files</Filter>
    </ClCompile>
    <ClCompile Include="..\..\libavcodec\interplayvideo.c">
      <Filter>Source Files</Filter>
    </ClCompile>
    <ClCompile Include="..\..\libavcodec\intrax8.c">
      <Filter>Source Files</Filter>
    </ClCompile>
    <ClCompile Include="..\..\libavcodec\intrax8dsp.c">
      <Filter>Source Files</Filter>
    </ClCompile>
    <ClCompile Include="..\..\libavcodec\ituh263dec.c">
      <Filter>Source Files</Filter>
    </ClCompile>
    <ClCompile Include="..\..\libavcodec\ituh263enc.c">
      <Filter>Source Files</Filter>
    </ClCompile>
    <ClCompile Include="..\..\libavcodec\ivi_common.c">
      <Filter>Source Files</Filter>
    </ClCompile>
    <ClCompile Include="..\..\libavcodec\ivi_dsp.c">
      <Filter>Source Files</Filter>
    </ClCompile>
    <ClCompile Include="..\..\libavcodec\jfdctfst.c">
      <Filter>Source Files</Filter>
    </ClCompile>
    <ClCompile Include="..\..\libavcodec\jfdctint.c">
      <Filter>Source Files</Filter>
    </ClCompile>
    <ClCompile Include="..\..\libavcodec\jpegls.c">
      <Filter>Source Files</Filter>
    </ClCompile>
    <ClCompile Include="..\..\libavcodec\jpeglsdec.c">
      <Filter>Source Files</Filter>
    </ClCompile>
    <ClCompile Include="..\..\libavcodec\jpeglsenc.c">
      <Filter>Source Files</Filter>
    </ClCompile>
    <ClCompile Include="..\..\libavcodec\jrevdct.c">
      <Filter>Source Files</Filter>
    </ClCompile>
    <ClCompile Include="..\..\libavcodec\kbdwin.c">
      <Filter>Source Files</Filter>
    </ClCompile>
    <ClCompile Include="..\..\libavcodec\kgv1dec.c">
      <Filter>Source Files</Filter>
    </ClCompile>
    <ClCompile Include="..\..\libavcodec\kmvc.c">
      <Filter>Source Files</Filter>
    </ClCompile>
    <ClCompile Include="..\..\libavcodec\lcldec.c">
      <Filter>Source Files</Filter>
    </ClCompile>
    <ClCompile Include="..\..\libavcodec\lclenc.c">
      <Filter>Source Files</Filter>
    </ClCompile>
    <ClCompile Include="..\..\libavcodec\libdirac_libschro.c">
      <Filter>Source Files</Filter>
    </ClCompile>
    <ClCompile Include="..\..\libavcodec\libdiracdec.c">
      <Filter>Source Files</Filter>
    </ClCompile>
    <ClCompile Include="..\..\libavcodec\libdiracenc.c">
      <Filter>Source Files</Filter>
    </ClCompile>
    <ClCompile Include="..\..\libavcodec\libfaac.c">
      <Filter>Source Files</Filter>
    </ClCompile>
    <ClCompile Include="..\..\libavcodec\libfaad.c">
      <Filter>Source Files</Filter>
    </ClCompile>
    <ClCompile Include="..\..\libavcodec\libgsm.c">
      <Filter>Source Files</Filter>
    </ClCompile>
    <ClCompile Include="..\..\libavcodec\libmp3lame.c">
      <Filter>Source Files</Filter>
    </ClCompile>
    <ClCompile Include="..\..\libavcodec\libopencore-amr.c">
      <Filter>Source Files</Filter>
    </ClCompile>
    <ClCompile Include="..\..\libavcodec\libopenjpeg.c">
      <Filter>Source Files</Filter>
    </ClCompile>
    <ClCompile Include="..\..\libavcodec\libschroedinger.c">
      <Filter>Source Files</Filter>
    </ClCompile>
    <ClCompile Include="..\..\libavcodec\libschroedingerdec.c">
      <Filter>Source Files</Filter>
    </ClCompile>
    <ClCompile Include="..\..\libavcodec\libschroedingerenc.c">
      <Filter>Source Files</Filter>
    </ClCompile>
    <ClCompile Include="..\..\libavcodec\libspeexdec.c">
      <Filter>Source Files</Filter>
    </ClCompile>
    <ClCompile Include="..\..\libavcodec\libtheoraenc.c">
      <Filter>Source Files</Filter>
    </ClCompile>
    <ClCompile Include="..\..\libavcodec\libvorbis.c">
      <Filter>Source Files</Filter>
    </ClCompile>
    <ClCompile Include="..\..\libavcodec\libvpxdec.c">
      <Filter>Source Files</Filter>
    </ClCompile>
    <ClCompile Include="..\..\libavcodec\libvpxenc.c">
      <Filter>Source Files</Filter>
    </ClCompile>
    <ClCompile Include="..\..\libavcodec\libx264.c">
      <Filter>Source Files</Filter>
    </ClCompile>
    <ClCompile Include="..\..\libavcodec\libxvid_rc.c">
      <Filter>Source Files</Filter>
    </ClCompile>
    <ClCompile Include="..\..\libavcodec\libxvidff.c">
      <Filter>Source Files</Filter>
    </ClCompile>
    <ClCompile Include="..\..\libavcodec\ljpegenc.c">
      <Filter>Source Files</Filter>
    </ClCompile>
    <ClCompile Include="..\..\libavcodec\loco.c">
      <Filter>Source Files</Filter>
    </ClCompile>
    <ClCompile Include="..\..\libavcodec\lpc.c">
      <Filter>Source Files</Filter>
    </ClCompile>
    <ClCompile Include="..\..\libavcodec\lsp.c">
      <Filter>Source Files</Filter>
    </ClCompile>
    <ClCompile Include="..\..\libavcodec\lzw.c">
      <Filter>Source Files</Filter>
    </ClCompile>
    <ClCompile Include="..\..\libavcodec\lzwenc.c">
      <Filter>Source Files</Filter>
    </ClCompile>
    <ClCompile Include="..\..\libavcodec\mace.c">
      <Filter>Source Files</Filter>
    </ClCompile>
    <ClCompile Include="..\..\libavcodec\mdct.c">
      <Filter>Source Files</Filter>
    </ClCompile>
    <ClCompile Include="..\..\libavcodec\mdec.c">
      <Filter>Source Files</Filter>
    </ClCompile>
    <ClCompile Include="..\..\libavcodec\mimic.c">
      <Filter>Source Files</Filter>
    </ClCompile>
    <ClCompile Include="..\..\libavcodec\mjpeg.c">
      <Filter>Source Files</Filter>
    </ClCompile>
    <ClCompile Include="..\..\libavcodec\mjpeg_parser.c">
      <Filter>Source Files</Filter>
    </ClCompile>
    <ClCompile Include="..\..\libavcodec\mjpega_dump_header_bsf.c">
      <Filter>Source Files</Filter>
    </ClCompile>
    <ClCompile Include="..\..\libavcodec\mjpegbdec.c">
      <Filter>Source Files</Filter>
    </ClCompile>
    <ClCompile Include="..\..\libavcodec\mjpegdec.c">
      <Filter>Source Files</Filter>
    </ClCompile>
    <ClCompile Include="..\..\libavcodec\mjpegenc.c">
      <Filter>Source Files</Filter>
    </ClCompile>
    <ClCompile Include="..\..\libavcodec\mlp.c">
      <Filter>Source Files</Filter>
    </ClCompile>
    <ClCompile Include="..\..\libavcodec\mlp_parser.c">
      <Filter>Source Files</Filter>
    </ClCompile>
    <ClCompile Include="..\..\libavcodec\mlpdec.c">
      <Filter>Source Files</Filter>
    </ClCompile>
    <ClCompile Include="..\..\libavcodec\mlpdsp.c">
      <Filter>Source Files</Filter>
    </ClCompile>
    <ClCompile Include="..\..\libavcodec\mmvideo.c">
      <Filter>Source Files</Filter>
    </ClCompile>
    <ClCompile Include="..\..\libavcodec\motion_est.c">
      <Filter>Source Files</Filter>
    </ClCompile>
    <ClCompile Include="..\..\libavcodec\motionpixels.c">
      <Filter>Source Files</Filter>
    </ClCompile>
    <ClCompile Include="..\..\libavcodec\movsub_bsf.c">
      <Filter>Source Files</Filter>
    </ClCompile>
    <ClCompile Include="..\..\libavcodec\mp3_header_compress_bsf.c">
      <Filter>Source Files</Filter>
    </ClCompile>
    <ClCompile Include="..\..\libavcodec\mp3_header_decompress_bsf.c">
      <Filter>Source Files</Filter>
    </ClCompile>
    <ClCompile Include="..\..\libavcodec\mpc.c">
      <Filter>Source Files</Filter>
    </ClCompile>
    <ClCompile Include="..\..\libavcodec\mpc7.c">
      <Filter>Source Files</Filter>
    </ClCompile>
    <ClCompile Include="..\..\libavcodec\mpc8.c">
      <Filter>Source Files</Filter>
    </ClCompile>
    <ClCompile Include="..\..\libavcodec\mpeg12.c">
      <Filter>Source Files</Filter>
    </ClCompile>
    <ClCompile Include="..\..\libavcodec\mpeg12data.c">
      <Filter>Source Files</Filter>
    </ClCompile>
    <ClCompile Include="..\..\libavcodec\mpeg12enc.c">
      <Filter>Source Files</Filter>
    </ClCompile>
    <ClCompile Include="..\..\libavcodec\mpeg4audio.c">
      <Filter>Source Files</Filter>
    </ClCompile>
    <ClCompile Include="..\..\libavcodec\mpeg4video.c">
      <Filter>Source Files</Filter>
    </ClCompile>
    <ClCompile Include="..\..\libavcodec\mpeg4video_parser.c">
      <Filter>Source Files</Filter>
    </ClCompile>
    <ClCompile Include="..\..\libavcodec\mpeg4videodec.c">
      <Filter>Source Files</Filter>
    </ClCompile>
    <ClCompile Include="..\..\libavcodec\mpeg4videoenc.c">
      <Filter>Source Files</Filter>
    </ClCompile>
    <ClCompile Include="..\..\libavcodec\mpegaudio.c">
      <Filter>Source Files</Filter>
    </ClCompile>
    <ClCompile Include="..\..\libavcodec\mpegaudio_parser.c">
      <Filter>Source Files</Filter>
    </ClCompile>
    <ClCompile Include="..\..\libavcodec\mpegaudiodata.c">
      <Filter>Source Files</Filter>
    </ClCompile>
    <ClCompile Include="..\..\libavcodec\mpegaudiodec.c">
      <Filter>Source Files</Filter>
    </ClCompile>
    <ClCompile Include="..\..\libavcodec\mpegaudiodecheader.c">
      <Filter>Source Files</Filter>
    </ClCompile>
    <ClCompile Include="..\..\libavcodec\mpegaudioenc.c">
      <Filter>Source Files</Filter>
    </ClCompile>
    <ClCompile Include="..\..\libavcodec\mpegvideo.c">
      <Filter>Source Files</Filter>
    </ClCompile>
    <ClCompile Include="..\..\libavcodec\mpegvideo_enc.c">
      <Filter>Source Files</Filter>
    </ClCompile>
    <ClCompile Include="..\..\libavcodec\mpegvideo_parser.c">
      <Filter>Source Files</Filter>
    </ClCompile>
    <ClCompile Include="..\..\libavcodec\mpegvideo_xvmc.c">
      <Filter>Source Files</Filter>
    </ClCompile>
    <ClCompile Include="..\..\libavcodec\msmpeg4.c">
      <Filter>Source Files</Filter>
    </ClCompile>
    <ClCompile Include="..\..\libavcodec\msmpeg4data.c">
      <Filter>Source Files</Filter>
    </ClCompile>
    <ClCompile Include="..\..\libavcodec\msrle.c">
      <Filter>Source Files</Filter>
    </ClCompile>
    <ClCompile Include="..\..\libavcodec\msrledec.c">
      <Filter>Source Files</Filter>
    </ClCompile>
    <ClCompile Include="..\..\libavcodec\msvideo1.c">
      <Filter>Source Files</Filter>
    </ClCompile>
    <ClCompile Include="..\..\libavcodec\nellymoser.c">
      <Filter>Source Files</Filter>
    </ClCompile>
    <ClCompile Include="..\..\libavcodec\nellymoserdec.c">
      <Filter>Source Files</Filter>
    </ClCompile>
    <ClCompile Include="..\..\libavcodec\nellymoserenc.c">
      <Filter>Source Files</Filter>
    </ClCompile>
    <ClCompile Include="..\..\libavcodec\noise_bsf.c">
      <Filter>Source Files</Filter>
    </ClCompile>
    <ClCompile Include="..\..\libavcodec\nuv.c">
      <Filter>Source Files</Filter>
    </ClCompile>
    <ClCompile Include="..\..\libavcodec\opt.c">
      <Filter>Source Files</Filter>
    </ClCompile>
    <ClCompile Include="..\..\libavcodec\options.c">
      <Filter>Source Files</Filter>
    </ClCompile>
    <ClCompile Include="..\..\libavcodec\pamenc.c">
      <Filter>Source Files</Filter>
    </ClCompile>
    <ClCompile Include="..\..\libavcodec\parser.c">
      <Filter>Source Files</Filter>
    </ClCompile>
    <ClCompile Include="..\..\libavcodec\pcm-mpeg.c">
      <Filter>Source Files</Filter>
    </ClCompile>
    <ClCompile Include="..\..\libavcodec\pcm.c">
      <Filter>Source Files</Filter>
    </ClCompile>
    <ClCompile Include="..\..\libavcodec\pcx.c">
      <Filter>Source Files</Filter>
    </ClCompile>
    <ClCompile Include="..\..\libavcodec\pcxenc.c">
      <Filter>Source Files</Filter>
    </ClCompile>
    <ClCompile Include="..\..\libavcodec\pgssubdec.c">
      <Filter>Source Files</Filter>
    </ClCompile>
    <ClCompile Include="..\..\libavcodec\png.c">
      <Filter>Source Files</Filter>
    </ClCompile>
    <ClCompile Include="..\..\libavcodec\pngdec.c">
      <Filter>Source Files</Filter>
    </ClCompile>
    <ClCompile Include="..\..\libavcodec\pngenc.c">
      <Filter>Source Files</Filter>
    </ClCompile>
    <ClCompile Include="..\..\libavcodec\pnm.c">
      <Filter>Source Files</Filter>
    </ClCompile>
    <ClCompile Include="..\..\libavcodec\pnm_parser.c">
      <Filter>Source Files</Filter>
    </ClCompile>
    <ClCompile Include="..\..\libavcodec\pnmdec.c">
      <Filter>Source Files</Filter>
    </ClCompile>
    <ClCompile Include="..\..\libavcodec\pnmenc.c">
      <Filter>Source Files</Filter>
    </ClCompile>
    <ClCompile Include="..\..\libavcodec\psymodel.c">
      <Filter>Source Files</Filter>
    </ClCompile>
    <ClCompile Include="..\..\libavcodec\ptx.c">
      <Filter>Source Files</Filter>
    </ClCompile>
    <ClCompile Include="..\..\libavcodec\qcelpdec.c">
      <Filter>Source Files</Filter>
    </ClCompile>
    <ClCompile Include="..\..\libavcodec\qdm2.c">
      <Filter>Source Files</Filter>
    </ClCompile>
    <ClCompile Include="..\..\libavcodec\qdrw.c">
      <Filter>Source Files</Filter>
    </ClCompile>
    <ClCompile Include="..\..\libavcodec\qpeg.c">
      <Filter>Source Files</Filter>
    </ClCompile>
    <ClCompile Include="..\..\libavcodec\qtrle.c">
      <Filter>Source Files</Filter>
    </ClCompile>
    <ClCompile Include="..\..\libavcodec\qtrleenc.c">
      <Filter>Source Files</Filter>
    </ClCompile>
    <ClCompile Include="..\..\libavcodec\r210dec.c">
      <Filter>Source Files</Filter>
    </ClCompile>
    <ClCompile Include="..\..\libavcodec\ra144.c">
      <Filter>Source Files</Filter>
    </ClCompile>
    <ClCompile Include="..\..\libavcodec\ra288.c">
      <Filter>Source Files</Filter>
    </ClCompile>
    <ClCompile Include="..\..\libavcodec\rangecoder.c">
      <Filter>Source Files</Filter>
    </ClCompile>
    <ClCompile Include="..\..\libavcodec\ratecontrol.c">
      <Filter>Source Files</Filter>
    </ClCompile>
    <ClCompile Include="..\..\libavcodec\raw.c">
      <Filter>Source Files</Filter>
    </ClCompile>
    <ClCompile Include="..\..\libavcodec\rawdec.c">
      <Filter>Source Files</Filter>
    </ClCompile>
    <ClCompile Include="..\..\libavcodec\rawenc.c">
      <Filter>Source Files</Filter>
    </ClCompile>
    <ClCompile Include="..\..\libavcodec\rdft.c">
      <Filter>Source Files</Filter>
    </ClCompile>
    <ClCompile Include="..\..\libavcodec\remove_extradata_bsf.c">
      <Filter>Source Files</Filter>
    </ClCompile>
    <ClCompile Include="..\..\libavcodec\resample.c">
      <Filter>Source Files</Filter>
    </ClCompile>
    <ClCompile Include="..\..\libavcodec\resample2.c">
      <Filter>Source Files</Filter>
    </ClCompile>
    <ClCompile Include="..\..\libavcodec\rl2.c">
      <Filter>Source Files</Filter>
    </ClCompile>
    <ClCompile Include="..\..\libavcodec\rle.c">
      <Filter>Source Files</Filter>
    </ClCompile>
    <ClCompile Include="..\..\libavcodec\roqaudioenc.c">
      <Filter>Source Files</Filter>
    </ClCompile>
    <ClCompile Include="..\..\libavcodec\roqvideo.c">
      <Filter>Source Files</Filter>
    </ClCompile>
    <ClCompile Include="..\..\libavcodec\roqvideodec.c">
      <Filter>Source Files</Filter>
    </ClCompile>
    <ClCompile Include="..\..\libavcodec\roqvideoenc.c">
      <Filter>Source Files</Filter>
    </ClCompile>
    <ClCompile Include="..\..\libavcodec\rpza.c">
      <Filter>Source Files</Filter>
    </ClCompile>
    <ClCompile Include="..\..\libavcodec\rtjpeg.c">
      <Filter>Source Files</Filter>
    </ClCompile>
    <ClCompile Include="..\..\libavcodec\rv10.c">
      <Filter>Source Files</Filter>
    </ClCompile>
    <ClCompile Include="..\..\libavcodec\rv10enc.c">
      <Filter>Source Files</Filter>
    </ClCompile>
    <ClCompile Include="..\..\libavcodec\rv20enc.c">
      <Filter>Source Files</Filter>
    </ClCompile>
    <ClCompile Include="..\..\libavcodec\rv30.c">
      <Filter>Source Files</Filter>
    </ClCompile>
    <ClCompile Include="..\..\libavcodec\rv30dsp.c">
      <Filter>Source Files</Filter>
    </ClCompile>
    <ClCompile Include="..\..\libavcodec\rv34.c">
      <Filter>Source Files</Filter>
    </ClCompile>
    <ClCompile Include="..\..\libavcodec\rv40.c">
      <Filter>Source Files</Filter>
    </ClCompile>
    <ClCompile Include="..\..\libavcodec\rv40dsp.c">
      <Filter>Source Files</Filter>
    </ClCompile>
    <ClCompile Include="..\..\libavcodec\s3tc.c">
      <Filter>Source Files</Filter>
    </ClCompile>
    <ClCompile Include="..\..\libavcodec\sgidec.c">
      <Filter>Source Files</Filter>
    </ClCompile>
    <ClCompile Include="..\..\libavcodec\sgienc.c">
      <Filter>Source Files</Filter>
    </ClCompile>
    <ClCompile Include="..\..\libavcodec\shorten.c">
      <Filter>Source Files</Filter>
    </ClCompile>
    <ClCompile Include="..\..\libavcodec\simple_idct.c">
      <Filter>Source Files</Filter>
    </ClCompile>
    <ClCompile Include="..\..\libavcodec\sinewin.c">
      <Filter>Source Files</Filter>
    </ClCompile>
    <ClCompile Include="..\..\libavcodec\sipr.c">
      <Filter>Source Files</Filter>
    </ClCompile>
    <ClCompile Include="..\..\libavcodec\sipr16k.c">
      <Filter>Source Files</Filter>
    </ClCompile>
    <ClCompile Include="..\..\libavcodec\smacker.c">
      <Filter>Source Files</Filter>
    </ClCompile>
    <ClCompile Include="..\..\libavcodec\smc.c">
      <Filter>Source Files</Filter>
    </ClCompile>
    <ClCompile Include="..\..\libavcodec\snow.c">
      <Filter>Source Files</Filter>
    </ClCompile>
    <ClCompile Include="..\..\libavcodec\sonic.c">
      <Filter>Source Files</Filter>
    </ClCompile>
    <ClCompile Include="..\..\libavcodec\sp5xdec.c">
      <Filter>Source Files</Filter>
    </ClCompile>
    <ClCompile Include="..\..\libavcodec\sunrast.c">
      <Filter>Source Files</Filter>
    </ClCompile>
    <ClCompile Include="..\..\libavcodec\svq1.c">
      <Filter>Source Files</Filter>
    </ClCompile>
    <ClCompile Include="..\..\libavcodec\svq1dec.c">
      <Filter>Source Files</Filter>
    </ClCompile>
    <ClCompile Include="..\..\libavcodec\svq1enc.c">
      <Filter>Source Files</Filter>
    </ClCompile>
    <ClCompile Include="..\..\libavcodec\svq3.c">
      <Filter>Source Files</Filter>
    </ClCompile>
    <ClCompile Include="..\..\libavcodec\synth_filter.c">
      <Filter>Source Files</Filter>
    </ClCompile>
    <ClCompile Include="..\..\libavcodec\tableprint.c">
      <Filter>Source Files</Filter>
    </ClCompile>
    <ClCompile Include="..\..\libavcodec\targa.c">
      <Filter>Source Files</Filter>
    </ClCompile>
    <ClCompile Include="..\..\libavcodec\targaenc.c">
      <Filter>Source Files</Filter>
    </ClCompile>
    <ClCompile Include="..\..\libavcodec\tiertexseqv.c">
      <Filter>Source Files</Filter>
    </ClCompile>
    <ClCompile Include="..\..\libavcodec\tiff.c">
      <Filter>Source Files</Filter>
    </ClCompile>
    <ClCompile Include="..\..\libavcodec\tiffenc.c">
      <Filter>Source Files</Filter>
    </ClCompile>
    <ClCompile Include="..\..\libavcodec\tmv.c">
      <Filter>Source Files</Filter>
    </ClCompile>
    <ClCompile Include="..\..\libavcodec\truemotion1.c">
      <Filter>Source Files</Filter>
    </ClCompile>
    <ClCompile Include="..\..\libavcodec\truemotion2.c">
      <Filter>Source Files</Filter>
    </ClCompile>
    <ClCompile Include="..\..\libavcodec\truespeech.c">
      <Filter>Source Files</Filter>
    </ClCompile>
    <ClCompile Include="..\..\libavcodec\tta.c">
      <Filter>Source Files</Filter>
    </ClCompile>
    <ClCompile Include="..\..\libavcodec\twinvq.c">
      <Filter>Source Files</Filter>
    </ClCompile>
    <ClCompile Include="..\..\libavcodec\txd.c">
      <Filter>Source Files</Filter>
    </ClCompile>
    <ClCompile Include="..\..\libavcodec\ulti.c">
      <Filter>Source Files</Filter>
    </ClCompile>
    <ClCompile Include="..\..\libavcodec\utils.c">
      <Filter>Source Files</Filter>
    </ClCompile>
    <ClCompile Include="..\..\libavcodec\v210dec.c">
      <Filter>Source Files</Filter>
    </ClCompile>
    <ClCompile Include="..\..\libavcodec\v210enc.c">
      <Filter>Source Files</Filter>
    </ClCompile>
    <ClCompile Include="..\..\libavcodec\v210x.c">
      <Filter>Source Files</Filter>
    </ClCompile>
    <ClCompile Include="..\..\libavcodec\vaapi.c">
      <Filter>Source Files</Filter>
    </ClCompile>
    <ClCompile Include="..\..\libavcodec\vaapi_h264.c">
      <Filter>Source Files</Filter>
    </ClCompile>
    <ClCompile Include="..\..\libavcodec\vaapi_mpeg2.c">
      <Filter>Source Files</Filter>
    </ClCompile>
    <ClCompile Include="..\..\libavcodec\vaapi_mpeg4.c">
      <Filter>Source Files</Filter>
    </ClCompile>
    <ClCompile Include="..\..\libavcodec\vaapi_vc1.c">
      <Filter>Source Files</Filter>
    </ClCompile>
    <ClCompile Include="..\..\libavcodec\vb.c">
      <Filter>Source Files</Filter>
    </ClCompile>
    <ClCompile Include="..\..\libavcodec\vc1.c">
      <Filter>Source Files</Filter>
    </ClCompile>
    <ClCompile Include="..\..\libavcodec\vc1_parser.c">
      <Filter>Source Files</Filter>
    </ClCompile>
    <ClCompile Include="..\..\libavcodec\vc1data.c">
      <Filter>Source Files</Filter>
    </ClCompile>
    <ClCompile Include="..\..\libavcodec\vc1dec.c">
      <Filter>Source Files</Filter>
    </ClCompile>
    <ClCompile Include="..\..\libavcodec\vc1dsp.c">
      <Filter>Source Files</Filter>
    </ClCompile>
    <ClCompile Include="..\..\libavcodec\vcr1.c">
      <Filter>Source Files</Filter>
    </ClCompile>
    <ClCompile Include="..\..\libavcodec\vdpau.c">
      <Filter>Source Files</Filter>
    </ClCompile>
    <ClCompile Include="..\..\libavcodec\vmdav.c">
      <Filter>Source Files</Filter>
    </ClCompile>
    <ClCompile Include="..\..\libavcodec\vmnc.c">
      <Filter>Source Files</Filter>
    </ClCompile>
    <ClCompile Include="..\..\libavcodec\vorbis.c">
      <Filter>Source Files</Filter>
    </ClCompile>
    <ClCompile Include="..\..\libavcodec\vorbis_data.c">
      <Filter>Source Files</Filter>
    </ClCompile>
    <ClCompile Include="..\..\libavcodec\vorbis_dec.c">
      <Filter>Source Files</Filter>
    </ClCompile>
    <ClCompile Include="..\..\libavcodec\vorbis_enc.c">
      <Filter>Source Files</Filter>
    </ClCompile>
    <ClCompile Include="..\..\libavcodec\vp3.c">
      <Filter>Source Files</Filter>
    </ClCompile>
    <ClCompile Include="..\..\libavcodec\vp3_parser.c">
      <Filter>Source Files</Filter>
    </ClCompile>
    <ClCompile Include="..\..\libavcodec\vp3dsp.c">
      <Filter>Source Files</Filter>
    </ClCompile>
    <ClCompile Include="..\..\libavcodec\vp5.c">
      <Filter>Source Files</Filter>
    </ClCompile>
    <ClCompile Include="..\..\libavcodec\vp56.c">
      <Filter>Source Files</Filter>
    </ClCompile>
    <ClCompile Include="..\..\libavcodec\vp56data.c">
      <Filter>Source Files</Filter>
    </ClCompile>
    <ClCompile Include="..\..\libavcodec\vp56dsp.c">
      <Filter>Source Files</Filter>
    </ClCompile>
    <ClCompile Include="..\..\libavcodec\vp56rac.c">
      <Filter>Source Files</Filter>
    </ClCompile>
    <ClCompile Include="..\..\libavcodec\vp6.c">
      <Filter>Source Files</Filter>
    </ClCompile>
    <ClCompile Include="..\..\libavcodec\vp6dsp.c">
      <Filter>Source Files</Filter>
    </ClCompile>
    <ClCompile Include="..\..\libavcodec\vqavideo.c">
      <Filter>Source Files</Filter>
    </ClCompile>
    <ClCompile Include="..\..\libavcodec\w32thread.c">
      <Filter>Source Files</Filter>
    </ClCompile>
    <ClCompile Include="..\..\libavcodec\wavpack.c">
      <Filter>Source Files</Filter>
    </ClCompile>
    <ClCompile Include="..\..\libavcodec\wma.c">
      <Filter>Source Files</Filter>
    </ClCompile>
    <ClCompile Include="..\..\libavcodec\wmadec.c">
      <Filter>Source Files</Filter>
    </ClCompile>
    <ClCompile Include="..\..\libavcodec\wmaenc.c">
      <Filter>Source Files</Filter>
    </ClCompile>
    <ClCompile Include="..\..\libavcodec\wmaprodec.c">
      <Filter>Source Files</Filter>
    </ClCompile>
    <ClCompile Include="..\..\libavcodec\wmavoice.c">
      <Filter>Source Files</Filter>
    </ClCompile>
    <ClCompile Include="..\..\libavcodec\wmv2.c">
      <Filter>Source Files</Filter>
    </ClCompile>
    <ClCompile Include="..\..\libavcodec\wmv2dec.c">
      <Filter>Source Files</Filter>
    </ClCompile>
    <ClCompile Include="..\..\libavcodec\wmv2enc.c">
      <Filter>Source Files</Filter>
    </ClCompile>
    <ClCompile Include="..\..\libavcodec\wnv1.c">
      <Filter>Source Files</Filter>
    </ClCompile>
    <ClCompile Include="..\..\libavcodec\ws-snd1.c">
      <Filter>Source Files</Filter>
    </ClCompile>
    <ClCompile Include="..\..\libavcodec\xan.c">
      <Filter>Source Files</Filter>
    </ClCompile>
    <ClCompile Include="..\..\libavcodec\xb_thread.c">
      <Filter>Source Files</Filter>
    </ClCompile>
    <ClCompile Include="..\..\libavcodec\xiph.c">
      <Filter>Source Files</Filter>
    </ClCompile>
    <ClCompile Include="..\..\libavcodec\xl.c">
      <Filter>Source Files</Filter>
    </ClCompile>
    <ClCompile Include="..\..\libavcodec\xsubdec.c">
      <Filter>Source Files</Filter>
    </ClCompile>
    <ClCompile Include="..\..\libavcodec\xsubenc.c">
      <Filter>Source Files</Filter>
    </ClCompile>
    <ClCompile Include="..\..\libavcodec\yop.c">
      <Filter>Source Files</Filter>
    </ClCompile>
    <ClCompile Include="..\..\libavcodec\zmbv.c">
      <Filter>Source Files</Filter>
    </ClCompile>
    <ClCompile Include="..\..\libavcodec\zmbvenc.c">
      <Filter>Source Files</Filter>
    </ClCompile>
    <ClCompile Include="..\..\libavcodec\xbox360\dsputil_ppc.c">
      <Filter>ppc</Filter>
    </ClCompile>
    <ClCompile Include="..\..\libavcodec\ppc\dsputil_ppc.c">
      <Filter>ppc</Filter>
    </ClCompile>
    <ClCompile Include="..\..\libavcodec\xbox360\float_altivec.c">
      <Filter>ppc</Filter>
    </ClCompile>
    <ClCompile Include="..\..\libavcodec\xbox360\gmc_vmx.c">
      <Filter>ppc</Filter>
    </ClCompile>
    <ClCompile Include="..\..\libavcodec\xbox360\h264_idtc2_vmx.c">
      <Filter>ppc</Filter>
    </ClCompile>
    <ClCompile Include="..\..\libavcodec\xbox360\h264_idtc_vmx.c">
      <Filter>ppc</Filter>
    </ClCompile>
    <ClCompile Include="..\..\libavcodec\xbox360\h264_luma_vmx.c">
      <Filter>ppc</Filter>
    </ClCompile>
    <ClCompile Include="..\..\libavcodec\xbox360\h264_template_vmx.c">
      <Filter>ppc</Filter>
    </ClCompile>
    <ClCompile Include="..\..\libavcodec\xbox360\h264_test_vmx.c">
      <Filter>ppc</Filter>
    </ClCompile>
    <ClCompile Include="..\..\libavcodec\xbox360\h264_vmx.c">
      <Filter>ppc</Filter>
    </ClCompile>
    <ClCompile Include="..\..\libavcodec\xbox360\vc1dsp_vmx.c">
      <Filter>ppc</Filter>
    </ClCompile>
  </ItemGroup>
  <ItemGroup>
    <ClInclude Include="..\..\libavcodec\h264_hl_motion.h">
      <Filter>Source Files</Filter>
    </ClInclude>
    <ClInclude Include="..\..\libavcodec\p_pthread.h">
      <Filter>Source Files</Filter>
    </ClInclude>
    <ClInclude Include="..\..\..\ffmpeg-HEAD-f4bc923\ffmpeg-HEAD-f4bc923\libavcodec\sinewin.h">
      <Filter>Source Files</Filter>
    </ClInclude>
    <ClInclude Include="..\..\..\ffmpeg-HEAD-f4bc923\ffmpeg-HEAD-f4bc923\libavcodec\sinewin_tablegen.h">
      <Filter>Source Files</Filter>
    </ClInclude>
    <ClInclude Include="..\..\libavcodec\aac.h">
      <Filter>Header Files</Filter>
    </ClInclude>
    <ClInclude Include="..\..\libavcodec\aac_ac3_parser.h">
      <Filter>Header Files</Filter>
    </ClInclude>
    <ClInclude Include="..\..\libavcodec\aac_parser.h">
      <Filter>Header Files</Filter>
    </ClInclude>
    <ClInclude Include="..\..\libavcodec\aacdectab.h">
      <Filter>Header Files</Filter>
    </ClInclude>
    <ClInclude Include="..\..\libavcodec\aacenc.h">
      <Filter>Header Files</Filter>
    </ClInclude>
    <ClInclude Include="..\..\libavcodec\aacpsy.h">
      <Filter>Header Files</Filter>
    </ClInclude>
    <ClInclude Include="..\..\libavcodec\aacsbr.h">
      <Filter>Header Files</Filter>
    </ClInclude>
    <ClInclude Include="..\..\libavcodec\aacsbrdata.h">
      <Filter>Header Files</Filter>
    </ClInclude>
    <ClInclude Include="..\..\libavcodec\aactab.h">
      <Filter>Header Files</Filter>
    </ClInclude>
    <ClInclude Include="..\..\libavcodec\aandcttab.h">
      <Filter>Header Files</Filter>
    </ClInclude>
    <ClInclude Include="..\..\libavcodec\ac3.h">
      <Filter>Header Files</Filter>
    </ClInclude>
    <ClInclude Include="..\..\libavcodec\ac3_parser.h">
      <Filter>Header Files</Filter>
    </ClInclude>
    <ClInclude Include="..\..\libavcodec\ac3dec.h">
      <Filter>Header Files</Filter>
    </ClInclude>
    <ClInclude Include="..\..\libavcodec\ac3dec_data.h">
      <Filter>Header Files</Filter>
    </ClInclude>
    <ClInclude Include="..\..\libavcodec\ac3tab.h">
      <Filter>Header Files</Filter>
    </ClInclude>
    <ClInclude Include="..\..\libavcodec\acelp_filters.h">
      <Filter>Header Files</Filter>
    </ClInclude>
    <ClInclude Include="..\..\libavcodec\acelp_pitch_delay.h">
      <Filter>Header Files</Filter>
    </ClInclude>
    <ClInclude Include="..\..\libavcodec\acelp_vectors.h">
      <Filter>Header Files</Filter>
    </ClInclude>
    <ClInclude Include="..\..\libavcodec\adx.h">
      <Filter>Header Files</Filter>
    </ClInclude>
    <ClInclude Include="..\..\libavcodec\amrnbdata.h">
      <Filter>Header Files</Filter>
    </ClInclude>
    <ClInclude Include="..\..\libavcodec\atrac.h">
      <Filter>Header Files</Filter>
    </ClInclude>
    <ClInclude Include="..\..\libavcodec\atrac1data.h">
      <Filter>Header Files</Filter>
    </ClInclude>
    <ClInclude Include="..\..\libavcodec\atrac3data.h">
      <Filter>Header Files</Filter>
    </ClInclude>
    <ClInclude Include="..\..\libavcodec\audioconvert.h">
      <Filter>Header Files</Filter>
    </ClInclude>
    <ClInclude Include="..\..\libavcodec\avcodec.h">
      <Filter>Header Files</Filter>
    </ClInclude>
    <ClInclude Include="..\..\libavcodec\avfft.h">
      <Filter>Header Files</Filter>
    </ClInclude>
    <ClInclude Include="..\..\libavcodec\bethsoftvideo.h">
      <Filter>Header Files</Filter>
    </ClInclude>
    <ClInclude Include="..\..\libavcodec\bgmc.h">
      <Filter>Header Files</Filter>
    </ClInclude>
    <ClInclude Include="..\..\libavcodec\binkdata.h">
      <Filter>Header Files</Filter>
    </ClInclude>
    <ClInclude Include="..\..\libavcodec\bmp.h">
      <Filter>Header Files</Filter>
    </ClInclude>
    <ClInclude Include="..\..\libavcodec\bytestream.h">
      <Filter>Header Files</Filter>
    </ClInclude>
    <ClInclude Include="..\..\libavcodec\cabac.h">
      <Filter>Header Files</Filter>
    </ClInclude>
    <ClInclude Include="..\..\libavcodec\cavs.h">
      <Filter>Header Files</Filter>
    </ClInclude>
    <ClInclude Include="..\..\libavcodec\cavsdata.h">
      <Filter>Header Files</Filter>
    </ClInclude>
    <ClInclude Include="..\..\libavcodec\cbrt_tablegen.h">
      <Filter>Header Files</Filter>
    </ClInclude>
    <ClInclude Include="..\..\libavcodec\celp_filters.h">
      <Filter>Header Files</Filter>
    </ClInclude>
    <ClInclude Include="..\..\libavcodec\celp_math.h">
      <Filter>Header Files</Filter>
    </ClInclude>
    <ClInclude Include="..\..\libavcodec\cga_data.h">
      <Filter>Header Files</Filter>
    </ClInclude>
    <ClInclude Include="..\..\libavcodec\colorspace.h">
      <Filter>Header Files</Filter>
    </ClInclude>
    <ClInclude Include="..\..\libavcodec\cookdata.h">
      <Filter>Header Files</Filter>
    </ClInclude>
    <ClInclude Include="..\..\libavcodec\dca.h">
      <Filter>Header Files</Filter>
    </ClInclude>
    <ClInclude Include="..\..\libavcodec\dcadata.h">
      <Filter>Header Files</Filter>
    </ClInclude>
    <ClInclude Include="..\..\libavcodec\dcadsp.h">
      <Filter>Header Files</Filter>
    </ClInclude>
    <ClInclude Include="..\..\libavcodec\dcahuff.h">
      <Filter>Header Files</Filter>
    </ClInclude>
    <ClInclude Include="..\..\libavcodec\dctref.h">
      <Filter>Header Files</Filter>
    </ClInclude>
    <ClInclude Include="..\..\libavcodec\dirac.h">
      <Filter>Header Files</Filter>
    </ClInclude>
    <ClInclude Include="..\..\libavcodec\dnxhddata.h">
      <Filter>Header Files</Filter>
    </ClInclude>
    <ClInclude Include="..\..\libavcodec\dnxhdenc.h">
      <Filter>Header Files</Filter>
    </ClInclude>
    <ClInclude Include="..\..\libavcodec\dsputil.h">
      <Filter>Header Files</Filter>
    </ClInclude>
    <ClInclude Include="..\..\libavcodec\dv_tablegen.h">
      <Filter>Header Files</Filter>
    </ClInclude>
    <ClInclude Include="..\..\libavcodec\dv_vlc_data.h">
      <Filter>Header Files</Filter>
    </ClInclude>
    <ClInclude Include="..\..\libavcodec\dvdata.h">
      <Filter>Header Files</Filter>
    </ClInclude>
    <ClInclude Include="..\..\libavcodec\dwt.h">
      <Filter>Header Files</Filter>
    </ClInclude>
    <ClInclude Include="..\..\libavcodec\dxva2.h">
      <Filter>Header Files</Filter>
    </ClInclude>
    <ClInclude Include="..\..\libavcodec\dxva2_internal.h">
      <Filter>Header Files</Filter>
    </ClInclude>
    <ClInclude Include="..\..\libavcodec\eac3dec_data.h">
      <Filter>Header Files</Filter>
    </ClInclude>
    <ClInclude Include="..\..\libavcodec\elbg.h">
      <Filter>Header Files</Filter>
    </ClInclude>
    <ClInclude Include="..\..\libavcodec\eval.h">
      <Filter>Header Files</Filter>
    </ClInclude>
    <ClInclude Include="..\..\libavcodec\faandct.h">
      <Filter>Header Files</Filter>
    </ClInclude>
    <ClInclude Include="..\..\libavcodec\faanidct.h">
      <Filter>Header Files</Filter>
    </ClInclude>
    <ClInclude Include="..\..\libavcodec\faxcompr.h">
      <Filter>Header Files</Filter>
    </ClInclude>
    <ClInclude Include="..\..\libavcodec\fft.h">
      <Filter>Header Files</Filter>
    </ClInclude>
    <ClInclude Include="..\..\libavcodec\flac.h">
      <Filter>Header Files</Filter>
    </ClInclude>
    <ClInclude Include="..\..\libavcodec\flacdata.h">
      <Filter>Header Files</Filter>
    </ClInclude>
    <ClInclude Include="..\..\libavcodec\flv.h">
      <Filter>Header Files</Filter>
    </ClInclude>
    <ClInclude Include="..\..\libavcodec\g729.h">
      <Filter>Header Files</Filter>
    </ClInclude>
    <ClInclude Include="..\..\libavcodec\g729data.h">
      <Filter>Header Files</Filter>
    </ClInclude>
    <ClInclude Include="..\..\libavcodec\get_bits.h">
      <Filter>Header Files</Filter>
    </ClInclude>
    <ClInclude Include="..\..\libavcodec\golomb.h">
      <Filter>Header Files</Filter>
    </ClInclude>
    <ClInclude Include="..\..\libavcodec\h261.h">
      <Filter>Header Files</Filter>
    </ClInclude>
    <ClInclude Include="..\..\libavcodec\h261data.h">
      <Filter>Header Files</Filter>
    </ClInclude>
    <ClInclude Include="..\..\libavcodec\h263.h">
      <Filter>Header Files</Filter>
    </ClInclude>
    <ClInclude Include="..\..\libavcodec\h263_parser.h">
      <Filter>Header Files</Filter>
    </ClInclude>
    <ClInclude Include="..\..\libavcodec\h263data.h">
      <Filter>Header Files</Filter>
    </ClInclude>
    <ClInclude Include="..\..\libavcodec\h264.h">
      <Filter>Header Files</Filter>
    </ClInclude>
    <ClInclude Include="..\..\libavcodec\h264_mvpred.h">
      <Filter>Header Files</Filter>
    </ClInclude>
    <ClInclude Include="..\..\libavcodec\h264_parser.h">
      <Filter>Header Files</Filter>
    </ClInclude>
    <ClInclude Include="..\..\libavcodec\h264data.h">
      <Filter>Header Files</Filter>
    </ClInclude>
    <ClInclude Include="..\..\libavcodec\h264dsp.h">
      <Filter>Header Files</Filter>
    </ClInclude>
    <ClInclude Include="..\..\libavcodec\h264pred.h">
      <Filter>Header Files</Filter>
    </ClInclude>
    <ClInclude Include="..\..\libavcodec\huffman.h">
      <Filter>Header Files</Filter>
    </ClInclude>
    <ClInclude Include="..\..\libavcodec\iff.h">
      <Filter>Header Files</Filter>
    </ClInclude>
    <ClInclude Include="..\..\libavcodec\iirfilter.h">
      <Filter>Header Files</Filter>
    </ClInclude>
    <ClInclude Include="..\..\libavcodec\imcdata.h">
      <Filter>Header Files</Filter>
    </ClInclude>
    <ClInclude Include="..\..\libavcodec\imgconvert.h">
      <Filter>Header Files</Filter>
    </ClInclude>
    <ClInclude Include="..\..\libavcodec\indeo2data.h">
      <Filter>Header Files</Filter>
    </ClInclude>
    <ClInclude Include="..\..\libavcodec\indeo3data.h">
      <Filter>Header Files</Filter>
    </ClInclude>
    <ClInclude Include="..\..\libavcodec\indeo5data.h">
      <Filter>Header Files</Filter>
    </ClInclude>
    <ClInclude Include="..\..\libavcodec\internal.h">
      <Filter>Header Files</Filter>
    </ClInclude>
    <ClInclude Include="..\..\libavcodec\intrax8.h">
      <Filter>Header Files</Filter>
    </ClInclude>
    <ClInclude Include="..\..\libavcodec\intrax8huf.h">
      <Filter>Header Files</Filter>
    </ClInclude>
    <ClInclude Include="..\..\libavcodec\ivi_common.h">
      <Filter>Header Files</Filter>
    </ClInclude>
    <ClInclude Include="..\..\libavcodec\ivi_dsp.h">
      <Filter>Header Files</Filter>
    </ClInclude>
    <ClInclude Include="..\..\libavcodec\jpegls.h">
      <Filter>Header Files</Filter>
    </ClInclude>
    <ClInclude Include="..\..\libavcodec\jpeglsdec.h">
      <Filter>Header Files</Filter>
    </ClInclude>
    <ClInclude Include="..\..\libavcodec\lcl.h">
      <Filter>Header Files</Filter>
    </ClInclude>
    <ClInclude Include="..\..\libavcodec\libdirac.h">
      <Filter>Header Files</Filter>
    </ClInclude>
    <ClInclude Include="..\..\libavcodec\libdirac_libschro.h">
      <Filter>Header Files</Filter>
    </ClInclude>
    <ClInclude Include="..\..\libavcodec\libschroedinger.h">
      <Filter>Header Files</Filter>
    </ClInclude>
    <ClInclude Include="..\..\libavcodec\libxvid_internal.h">
      <Filter>Header Files</Filter>
    </ClInclude>
    <ClInclude Include="..\..\libavcodec\lpc.h">
      <Filter>Header Files</Filter>
    </ClInclude>
    <ClInclude Include="..\..\libavcodec\lsp.h">
      <Filter>Header Files</Filter>
    </ClInclude>
    <ClInclude Include="..\..\libavcodec\lzw.h">
      <Filter>Header Files</Filter>
    </ClInclude>
    <ClInclude Include="..\..\libavcodec\mathops.h">
      <Filter>Header Files</Filter>
    </ClInclude>
    <ClInclude Include="..\..\libavcodec\mdct_tablegen.h">
      <Filter>Header Files</Filter>
    </ClInclude>
    <ClInclude Include="..\..\libavcodec\mjpeg.h">
      <Filter>Header Files</Filter>
    </ClInclude>
    <ClInclude Include="..\..\libavcodec\mjpegdec.h">
      <Filter>Header Files</Filter>
    </ClInclude>
    <ClInclude Include="..\..\libavcodec\mjpegenc.h">
      <Filter>Header Files</Filter>
    </ClInclude>
    <ClInclude Include="..\..\libavcodec\mlp.h">
      <Filter>Header Files</Filter>
    </ClInclude>
    <ClInclude Include="..\..\libavcodec\mlp_parser.h">
      <Filter>Header Files</Filter>
    </ClInclude>
    <ClInclude Include="..\..\libavcodec\motionpixels_tablegen.h">
      <Filter>Header Files</Filter>
    </ClInclude>
    <ClInclude Include="..\..\libavcodec\mpc.h">
      <Filter>Header Files</Filter>
    </ClInclude>
    <ClInclude Include="..\..\libavcodec\mpc7data.h">
      <Filter>Header Files</Filter>
    </ClInclude>
    <ClInclude Include="..\..\libavcodec\mpc8data.h">
      <Filter>Header Files</Filter>
    </ClInclude>
    <ClInclude Include="..\..\libavcodec\mpc8huff.h">
      <Filter>Header Files</Filter>
    </ClInclude>
    <ClInclude Include="..\..\libavcodec\mpcdata.h">
      <Filter>Header Files</Filter>
    </ClInclude>
    <ClInclude Include="..\..\libavcodec\mpeg12.h">
      <Filter>Header Files</Filter>
    </ClInclude>
    <ClInclude Include="..\..\libavcodec\mpeg12data.h">
      <Filter>Header Files</Filter>
    </ClInclude>
    <ClInclude Include="..\..\libavcodec\mpeg12decdata.h">
      <Filter>Header Files</Filter>
    </ClInclude>
    <ClInclude Include="..\..\libavcodec\mpeg4audio.h">
      <Filter>Header Files</Filter>
    </ClInclude>
    <ClInclude Include="..\..\libavcodec\mpeg4data.h">
      <Filter>Header Files</Filter>
    </ClInclude>
    <ClInclude Include="..\..\libavcodec\mpeg4video.h">
      <Filter>Header Files</Filter>
    </ClInclude>
    <ClInclude Include="..\..\libavcodec\mpeg4video_parser.h">
      <Filter>Header Files</Filter>
    </ClInclude>
    <ClInclude Include="..\..\libavcodec\mpegaudio.h">
      <Filter>Header Files</Filter>
    </ClInclude>
    <ClInclude Include="..\..\libavcodec\mpegaudio3.h">
      <Filter>Header Files</Filter>
    </ClInclude>
    <ClInclude Include="..\..\libavcodec\mpegaudio_tablegen.h">
      <Filter>Header Files</Filter>
    </ClInclude>
    <ClInclude Include="..\..\libavcodec\mpegaudiodata.h">
      <Filter>Header Files</Filter>
    </ClInclude>
    <ClInclude Include="..\..\libavcodec\mpegaudiodecheader.h">
      <Filter>Header Files</Filter>
    </ClInclude>
    <ClInclude Include="..\..\libavcodec\mpegaudiodectab.h">
      <Filter>Header Files</Filter>
    </ClInclude>
    <ClInclude Include="..\..\libavcodec\mpegaudiotab.h">
      <Filter>Header Files</Filter>
    </ClInclude>
    <ClInclude Include="..\..\libavcodec\mpegvideo.h">
      <Filter>Header Files</Filter>
    </ClInclude>
    <ClInclude Include="..\..\libavcodec\mpegvideo_common.h">
      <Filter>Header Files</Filter>
    </ClInclude>
    <ClInclude Include="..\..\libavcodec\msmpeg4.h">
      <Filter>Header Files</Filter>
    </ClInclude>
    <ClInclude Include="..\..\libavcodec\msmpeg4data.h">
      <Filter>Header Files</Filter>
    </ClInclude>
    <ClInclude Include="..\..\libavcodec\msrledec.h">
      <Filter>Header Files</Filter>
    </ClInclude>
    <ClInclude Include="..\..\libavcodec\nellymoser.h">
      <Filter>Header Files</Filter>
    </ClInclude>
    <ClInclude Include="..\..\libavcodec\opt.h">
      <Filter>Header Files</Filter>
    </ClInclude>
    <ClInclude Include="..\..\libavcodec\parser.h">
      <Filter>Header Files</Filter>
    </ClInclude>
    <ClInclude Include="..\..\libavcodec\pcm_tablegen.h">
      <Filter>Header Files</Filter>
    </ClInclude>
    <ClInclude Include="..\..\libavcodec\png.h">
      <Filter>Header Files</Filter>
    </ClInclude>
    <ClInclude Include="..\..\libavcodec\pnm.h">
      <Filter>Header Files</Filter>
    </ClInclude>
    <ClInclude Include="..\..\libavcodec\psymodel.h">
      <Filter>Header Files</Filter>
    </ClInclude>
    <ClInclude Include="..\..\libavcodec\put_bits.h">
      <Filter>Header Files</Filter>
    </ClInclude>
    <ClInclude Include="..\..\libavcodec\qcelpdata.h">
      <Filter>Header Files</Filter>
    </ClInclude>
    <ClInclude Include="..\..\libavcodec\qdm2_tablegen.h">
      <Filter>Header Files</Filter>
    </ClInclude>
    <ClInclude Include="..\..\libavcodec\qdm2data.h">
      <Filter>Header Files</Filter>
    </ClInclude>
    <ClInclude Include="..\..\libavcodec\ra144.h">
      <Filter>Header Files</Filter>
    </ClInclude>
    <ClInclude Include="..\..\libavcodec\ra288.h">
      <Filter>Header Files</Filter>
    </ClInclude>
    <ClInclude Include="..\..\libavcodec\rangecoder.h">
      <Filter>Header Files</Filter>
    </ClInclude>
    <ClInclude Include="..\..\libavcodec\ratecontrol.h">
      <Filter>Header Files</Filter>
    </ClInclude>
    <ClInclude Include="..\..\libavcodec\raw.h">
      <Filter>Header Files</Filter>
    </ClInclude>
    <ClInclude Include="..\..\libavcodec\rectangle.h">
      <Filter>Header Files</Filter>
    </ClInclude>
    <ClInclude Include="..\..\libavcodec\rl.h">
      <Filter>Header Files</Filter>
    </ClInclude>
    <ClInclude Include="..\..\libavcodec\rle.h">
      <Filter>Header Files</Filter>
    </ClInclude>
    <ClInclude Include="..\..\libavcodec\roqvideo.h">
      <Filter>Header Files</Filter>
    </ClInclude>
    <ClInclude Include="..\..\libavcodec\rtjpeg.h">
      <Filter>Header Files</Filter>
    </ClInclude>
    <ClInclude Include="..\..\libavcodec\rv30data.h">
      <Filter>Header Files</Filter>
    </ClInclude>
    <ClInclude Include="..\..\libavcodec\rv34.h">
      <Filter>Header Files</Filter>
    </ClInclude>
    <ClInclude Include="..\..\libavcodec\rv34data.h">
      <Filter>Header Files</Filter>
    </ClInclude>
    <ClInclude Include="..\..\libavcodec\rv34vlc.h">
      <Filter>Header Files</Filter>
    </ClInclude>
    <ClInclude Include="..\..\libavcodec\rv40data.h">
      <Filter>Header Files</Filter>
    </ClInclude>
    <ClInclude Include="..\..\libavcodec\rv40vlc2.h">
      <Filter>Header Files</Filter>
    </ClInclude>
    <ClInclude Include="..\..\libavcodec\s3tc.h">
      <Filter>Header Files</Filter>
    </ClInclude>
    <ClInclude Include="..\..\libavcodec\sbr.h">
      <Filter>Header Files</Filter>
    </ClInclude>
    <ClInclude Include="..\..\libavcodec\sgi.h">
      <Filter>Header Files</Filter>
    </ClInclude>
    <ClInclude Include="..\..\libavcodec\simple_idct.h">
      <Filter>Header Files</Filter>
    </ClInclude>
    <ClInclude Include="..\..\libavcodec\sipr.h">
      <Filter>Header Files</Filter>
    </ClInclude>
    <ClInclude Include="..\..\libavcodec\sipr16kdata.h">
      <Filter>Header Files</Filter>
    </ClInclude>
    <ClInclude Include="..\..\libavcodec\siprdata.h">
      <Filter>Header Files</Filter>
    </ClInclude>
    <ClInclude Include="..\..\libavcodec\snow.h">
      <Filter>Header Files</Filter>
    </ClInclude>
    <ClInclude Include="..\..\libavcodec\sp5x.h">
      <Filter>Header Files</Filter>
    </ClInclude>
    <ClInclude Include="..\..\libavcodec\svq1.h">
      <Filter>Header Files</Filter>
    </ClInclude>
    <ClInclude Include="..\..\libavcodec\svq1_cb.h">
      <Filter>Header Files</Filter>
    </ClInclude>
    <ClInclude Include="..\..\libavcodec\svq1_vlc.h">
      <Filter>Header Files</Filter>
    </ClInclude>
    <ClInclude Include="..\..\libavcodec\svq1enc_cb.h">
      <Filter>Header Files</Filter>
    </ClInclude>
    <ClInclude Include="..\..\libavcodec\synth_filter.h">
      <Filter>Header Files</Filter>
    </ClInclude>
    <ClInclude Include="..\..\libavcodec\tableprint.h">
      <Filter>Header Files</Filter>
    </ClInclude>
    <ClInclude Include="..\..\libavcodec\tiff.h">
      <Filter>Header Files</Filter>
    </ClInclude>
    <ClInclude Include="..\..\libavcodec\truemotion1data.h">
      <Filter>Header Files</Filter>
    </ClInclude>
    <ClInclude Include="..\..\libavcodec\truespeech_data.h">
      <Filter>Header Files</Filter>
    </ClInclude>
    <ClInclude Include="..\..\libavcodec\twinvq_data.h">
      <Filter>Header Files</Filter>
    </ClInclude>
    <ClInclude Include="..\..\libavcodec\ulti_cb.h">
      <Filter>Header Files</Filter>
    </ClInclude>
    <ClInclude Include="..\..\libavcodec\unary.h">
      <Filter>Header Files</Filter>
    </ClInclude>
    <ClInclude Include="..\..\libavcodec\vaapi.h">
      <Filter>Header Files</Filter>
    </ClInclude>
    <ClInclude Include="..\..\libavcodec\vaapi_internal.h">
      <Filter>Header Files</Filter>
    </ClInclude>
    <ClInclude Include="..\..\libavcodec\vc1.h">
      <Filter>Header Files</Filter>
    </ClInclude>
    <ClInclude Include="..\..\libavcodec\vc1acdata.h">
      <Filter>Header Files</Filter>
    </ClInclude>
    <ClInclude Include="..\..\libavcodec\vc1data.h">
      <Filter>Header Files</Filter>
    </ClInclude>
    <ClInclude Include="..\..\libavcodec\vdpau.h">
      <Filter>Header Files</Filter>
    </ClInclude>
    <ClInclude Include="..\..\libavcodec\vdpau_internal.h">
      <Filter>Header Files</Filter>
    </ClInclude>
    <ClInclude Include="..\..\libavcodec\vorbis.h">
      <Filter>Header Files</Filter>
    </ClInclude>
    <ClInclude Include="..\..\libavcodec\vorbis_enc_data.h">
      <Filter>Header Files</Filter>
    </ClInclude>
    <ClInclude Include="..\..\libavcodec\vp3data.h">
      <Filter>Header Files</Filter>
    </ClInclude>
    <ClInclude Include="..\..\libavcodec\vp56.h">
      <Filter>Header Files</Filter>
    </ClInclude>
    <ClInclude Include="..\..\libavcodec\vp56data.h">
      <Filter>Header Files</Filter>
    </ClInclude>
    <ClInclude Include="..\..\libavcodec\vp56dsp.h">
      <Filter>Header Files</Filter>
    </ClInclude>
    <ClInclude Include="..\..\libavcodec\vp5data.h">
      <Filter>Header Files</Filter>
    </ClInclude>
    <ClInclude Include="..\..\libavcodec\vp6data.h">
      <Filter>Header Files</Filter>
    </ClInclude>
    <ClInclude Include="..\..\libavcodec\wma.h">
      <Filter>Header Files</Filter>
    </ClInclude>
    <ClInclude Include="..\..\libavcodec\wmadata.h">
      <Filter>Header Files</Filter>
    </ClInclude>
    <ClInclude Include="..\..\libavcodec\wmaprodata.h">
      <Filter>Header Files</Filter>
    </ClInclude>
    <ClInclude Include="..\..\libavcodec\wmavoice_data.h">
      <Filter>Header Files</Filter>
    </ClInclude>
    <ClInclude Include="..\..\libavcodec\wmv2.h">
      <Filter>Header Files</Filter>
    </ClInclude>
    <ClInclude Include="..\..\libavcodec\xiph.h">
      <Filter>Header Files</Filter>
    </ClInclude>
    <ClInclude Include="..\..\libavcodec\xvmc.h">
      <Filter>Header Files</Filter>
    </ClInclude>
    <ClInclude Include="..\..\libavcodec\xvmc_internal.h">
      <Filter>Header Files</Filter>
    </ClInclude>
    <ClInclude Include="..\..\libavcodec\ppc\dsputil_ppc.h">
      <Filter>ppc</Filter>
    </ClInclude>
  </ItemGroup>
</Project>